{
  "version": 4,
  "terraform_version": "1.10.2",
  "serial": 83,
  "lineage": "6240d04d-e649-5778-1a6f-e617b5f68a64",
  "outputs": {
    "k3s_master_instance_key": {
      "value": "-----BEGIN RSA PRIVATE KEY-----\nMIIJKAIBAAKCAgEA0tHG2qXargB6pIWWyk4V3qKKEWdydon/ohi7LryekxjVv/O3\no6sCHXf5JmS1WijyIOjW5IMIXNFcb+52Np6j+OwwGdoCQF3onPLaiD9528ArBWUj\nP2ymGVrrq+CS/e+Iwmd7y+XViLSOzOZVkGLj5iqsUCNPyJ322pioS9E+AgcQXLMH\noMJoPSv8JCQ1NiL1C2F83ZPUq3ivQtrumxRfmjznwXyxkhTEBf86EtsvEk/YyI3B\nb+wlf6wkcxcvk7NUqbh2++DCOQJQLGHCxMqqFMUdhTpt6efMyCx+IISqrphnzwty\nLiXxHVVEGNVMB/0BuOZkXjsozm8Q0XSZv3RxjB83+207jNcwUUjQ9a/UuEWTjLlI\nn97WRtx7s9nIXpbep3EZM89rL+inEDYeU2CBx3f1i81HEEZX3hUvNd6PBIbMlGPN\nzHm06DM0xtFD/8PgDChDGbUYy4aHTWjwD6kauN61DNBNLZAaN+s2jpIDOl4g//ro\nC/AyHqjr2QFQy0XWxHEccFpaU8zXKu5VzZep00DlmSFXDazXaWAOr8bAaYe4KDaq\nPqz3ZmDm/Vi2uQsD/i795VY76R8qBgQsF6pzWTal7O99I2dvVUXBQ5PPDQKhNIgi\nbmATbDPWeg1x9WZr3+jk3VAyzUwBnLZnb4qv4X7HRKKIepJO3g9It0/8DysCAwEA\nAQKCAgEA0D1UPh97nUpt2lr2coilA4/r73sOTlbLgnMJWgYIYOY0JPH5IBrH8RHT\nsf/iPteZK7aypW9k8EIBG7MhY5xZ/YRXkwGMHcZlAbrE77Y7iTwNgru/EGQiwYLU\nracbqudTYCvV1bcFsI4hS/Xs6L01veHC6TmoElMuRghqnNFnfZs6p0ZUL5A4ZMww\nuAZn5Tysbfxy2W+vr1x7Sf91lwuNz41/otinkdMfOYk89Ok6Ws0yJhAX1ZUeCTmh\nm2l4nl2SMD88kFoXnzZQuTYrrDU/wVpfaX0omtZTqhqAz2AcNG/oglQdCcaCn2Xc\n6OavvmhErj4tQAMRsK92nl6di8babDJmbumO7551rZLzBC9B3jmjl/EQqfolTaYa\nKaK9SG3V4abtXLXenBIaYoLZ2usnYz4J4A1pmW4AxA2uSFLk5lj28VYAOyS7K+d2\nybyR5YVnHjyVX8JO12Ng76tFearvM5s/aAgU5KBzYX50H3FYWjbqFBjqgqr47eoi\n++D/sSmNopx8L4is5e1CiB1D6rkKVZ4L6SZyqo08UyTvxQ+NIPu3o1EkxUlwAz4C\nCrCR0EohzGLN3QNJvYJqtLHsoWjPn1WUgQ+3Ed4Ts5a1YOl0TQ3TRRj/0PmD0Ox7\nrCigeD0oYjNZk0fhS3MOqKtSF5oifYFXcBldp0JyQ4bPujn5bpkCggEBAOpmvy15\n7dtCIRWi9knYV7H6icFewptxh1E3c3qzeK8kajPxy+Y2JJBKHfHtoZdL+Ikdbdn7\nXh9BZnqAx96cQTIcreGgIYQkrWxGctaWtC096Pkhd4d3wvp8TjIzvCTYzIa2Tl2f\npTAbofxRgu1GbsACjtTn+k5dJNSPJJk4lLGgqva+QN/QjdLZesYand2IgzcpPcZ9\njigoIkZJu83rWyihSZR8aL9AedbOjlyQpOyTnlWGOJR6pp924G/G7EYg0aPkOEEj\nz9ZuGePt2gXiVI1HMXyQ9IgNbxxQVAJNt4iboNUiNkgETM4y5tlGieO5i9bwR0b9\nY/+9I5U9OQeNOgcCggEBAOY+wqE6wdSQuLe0D7zWEjz6Kl+MhisSXfydF5uicZ7D\noiUSCWlLf6mYqX9EK/V3+5clmk4aK1iweGjA37SLnFXPHuSoO04/ZjtCnoSLCErF\nIQewnTVlvVN2o/kLJzg/OVuDvk/DXPjY1uJI+Wo78ujKy2lucmkpDwehN8McbJf5\nElz8dKwtqSmtb66y5Ekfqzy1USGAPj+PHRUJOpqCvkmrOcqfSn02nmeZNjjuwy4+\nvgmR7xoxOAK55pm1eE+Ngvoscwe2z3yXy9FXXc5VCFUk6fvifVqs/zTXSELoGNBA\nL/jDZ8G+iNOI1YAjLNuHuOuZDiE313oMe5c0envYCL0CggEAR9NoLZU5L4CaBrlC\n4unqJV1yLNDOrTcikd5+AlFQX8q2yGgFZOueVKCBgIqig2wCInHkIXGHK+iscElZ\n9XrH94UWOxcIbieXBKCpu9u+JkbcRsrch6RJGNxSUcvMkTXlpjni1Yl/4rf08Q5B\nIlf8w9WE0vSqnKyqBoA+ZL0Tw0JKYQV3d52+d6ewmVe6nBGis5ptlY8Pqnpx1jvt\n0nGWI2MY2uksZ75oF0yADxk7kErDr81LNSRIPoD80QORjwOreZ8LJdrFax2dzVwq\n/LaX1hrErTj11WLYc0KiG3qZDMEzjVvIalT2/BBY8KdOxXsrwJcsIDKxG8JnTunN\nueSqrQKCAQAOArutO/oXiUb0Rsy+XPh3JXH2poJzlIaLnLOXEOeBFb6EKvjPo3x9\nQYDu8aMLKOXyaKNfJVCF8RciqLn0Lpqwzg2/NE2HkWwTJxamUh+LDTvZT/IBEdPX\nhFyuBvO4BIDlBLtL90NtESTiWDZ1NHivmceO/t2PcKQtfq35/XzOMqXfaq1e3Nhy\nZM9q/g/OM1MkOpRZSYiALaFDanBafqI9sWGu5sqNnAk/nJ8kD8NoyQCfbHX0ThJu\neAmESPqtPJs/xfyp94Hgvwv0DTD0IVCEfd6PKVUfc2+EM6V+DMmVwpIovRtPOtzw\nol77kShlo3ipPYMSmmdOUfwjU1owtxCxAoIBAF2qpzWEzgrIx23HjfUbpP8cK0Ev\nZTG3eFj4W9cWTNBqd7H5J2sIA+dL7YmaOueAyAzVxw6WS3EhkVT3dBW5qJDGmzn+\nU4l+2mkBCUqapb23ySPX9JlHHmlLKjMOpueUScO9+WNmQklM5j40EUJpBX/QRRNK\ndNFXUBgxXUuEzPK5vP3rGXRaa4VM8EnHxakOfmh3ddGVohYmeH6EnNC3zToIIkOG\n9G38alOHcW4+L/6e+qo2fXLHH2jGhSl0ybkRJQR9a8Ihyb4a4/YdxUmWew07SHIi\nOjoS8PobbrgZ8en2+yXTKi+BH4P+xq4f+wEwuRPfaAaURVEpXcOU7ZAD6oY=\n-----END RSA PRIVATE KEY-----\n",
      "type": "string",
      "sensitive": true
    },
    "private_subnets": {
      "value": [
        "subnet-01772b9abec2a2b7f",
        "subnet-018b481da6d7238ab",
        "subnet-0d3176739811d3605"
      ],
      "type": [
        "tuple",
        [
          "string",
          "string",
          "string"
        ]
      ]
    },
    "public_subnets": {
      "value": [
        "subnet-0e7f5e2aa33b7316c",
        "subnet-03d385b67de86b528",
        "subnet-0e82bd25f1bd1c943"
      ],
      "type": [
        "tuple",
        [
          "string",
          "string",
          "string"
        ]
      ]
    },
    "vpc_id": {
      "value": "vpc-081ec9cb4ce7e804e",
      "type": "string"
    }
  },
  "resources": [
    {
      "module": "module.k3s-ha[0]",
      "mode": "data",
      "type": "aws_ami",
      "name": "ubuntu_ami",
      "provider": "provider[\"registry.terraform.io/hashicorp/aws\"]",
      "instances": [
        {
          "schema_version": 0,
          "attributes": {
            "architecture": "x86_64",
            "arn": "arn:aws:ec2:us-east-1::image/ami-0664c8f94c2a2261b",
            "block_device_mappings": [
              {
                "device_name": "/dev/sda1",
                "ebs": {
                  "delete_on_termination": "true",
                  "encrypted": "false",
                  "iops": "0",
                  "snapshot_id": "snap-06d77272f9caacf86",
                  "throughput": "0",
                  "volume_size": "8",
                  "volume_type": "gp2"
                },
                "no_device": "",
                "virtual_name": ""
              },
              {
                "device_name": "/dev/sdb",
                "ebs": {},
                "no_device": "",
                "virtual_name": "ephemeral0"
              },
              {
                "device_name": "/dev/sdc",
                "ebs": {},
                "no_device": "",
                "virtual_name": "ephemeral1"
              }
            ],
            "boot_mode": "uefi-preferred",
            "creation_date": "2024-11-13T17:33:41.000Z",
            "deprecation_time": "2026-11-13T17:33:41.000Z",
            "description": "Canonical, Ubuntu, 22.04 LTS, amd64 jammy image build on 2024-11-13",
            "ena_support": true,
            "executable_users": null,
            "filter": [
              {
                "name": "name",
                "values": [
                  "ubuntu/images/hvm-ssd/ubuntu-jammy-22.04-amd64-server-20241113"
                ]
              }
            ],
            "hypervisor": "xen",
            "id": "ami-0664c8f94c2a2261b",
            "image_id": "ami-0664c8f94c2a2261b",
            "image_location": "amazon/ubuntu/images/hvm-ssd/ubuntu-jammy-22.04-amd64-server-20241113",
            "image_owner_alias": "amazon",
            "image_type": "machine",
            "imds_support": "",
            "include_deprecated": false,
            "kernel_id": "",
            "most_recent": true,
            "name": "ubuntu/images/hvm-ssd/ubuntu-jammy-22.04-amd64-server-20241113",
            "name_regex": null,
            "owner_id": "099720109477",
            "owners": [
              "099720109477"
            ],
            "platform": "",
            "platform_details": "Linux/UNIX",
            "product_codes": [],
            "public": true,
            "ramdisk_id": "",
            "root_device_name": "/dev/sda1",
            "root_device_type": "ebs",
            "root_snapshot_id": "snap-06d77272f9caacf86",
            "sriov_net_support": "simple",
            "state": "available",
            "state_reason": {
              "code": "UNSET",
              "message": "UNSET"
            },
            "tags": {},
            "timeouts": null,
            "tpm_support": "",
            "usage_operation": "RunInstances",
            "virtualization_type": "hvm"
          },
          "sensitive_attributes": []
        }
      ]
    },
    {
      "module": "module.k3s-ha[0]",
      "mode": "data",
      "type": "template_file",
      "name": "k3s_master_startup_script",
      "provider": "provider[\"registry.terraform.io/hashicorp/template\"]",
      "instances": [
        {
          "schema_version": 0,
          "attributes": {
            "filename": null,
            "id": "fe2062dca5e705536e69921db48ff68eb1b5dab3df90abccb5a8ef108d9f7c84",
            "rendered": "#!/bin/bash\n\nexport AWS_DEFAULT_REGION=us-east-2\n# Generate a UUID\nUUID=$(uuidgen)\nHOSTNAME=$(hostname)\n# Create a short version (first 8 characters) using cut\nSHORT_UUID=$(echo $UUID | cut -d'-' -f1)\n\n# Create a hostname using the short UUID\nHOSTNAME=\"$HOSTNAME-$SHORT_UUID\"\n\n# Create a tag using the short UUID\nTAG=\"k3s-master:aws\"\n\n# Check if jq is installed, and install it if not\nif ! command -v jq \u0026\u003e /dev/null; then\n    log \"jq is not installed. Installing jq...\"\n    sudo apt-get update \u0026\u0026 sudo apt-get install -y jq uuid awscli\n    if [ $? -ne 0 ]; then\n        log \"Failed to install jq and uuid\"\n        exit 1\n    fi\nfi\n\ninstall_netbird() {\n    curl -fsSL https://pkgs.netbird.io/install.sh | sh\n    netbird up --setup-key 422F281C-10CF-48E8-9CF6-87B99DFC54D1\n\n    OVERLAY_IP=$(ip -4 addr show dev wt0 | grep -oP '(?\u003c=inet\\s)\\d+(\\.\\d+){3}')\n}\n\ninstall_k3s() {\n    log \"Installing k3s...\"\n    curl -sfL https://get.k3s.io | INSTALL_K3S_VERSION=\"v1.28.4+k3s1\" sh -s - server \\\n    --disable traefik \\\n    --disable servicelb \\\n    --token \"qZtAnurkLHX2KsgEAHTyvCr0azpLS4hL\" \\\n    --node-label host=aws --node-label role=master \\\n    --tls-san=$OVERLAY_IP \\\n    --tls-san=\"k3s-master-lb-f634149ebe211a04.elb.us-east-1.amazonaws.com\" \\\n    --datastore-endpoint=\"mysql://k3s:Testing39!@tcp(54.163.21.40:3306)/k3s_db\" \\\n    --log $HOME/.k3s-install-log.txt \\\n    --disable-network-policy \\\n    --node-ip=$OVERLAY_IP \\\n    --node-name=$HOSTNAME \\\n    --flannel-iface=wt0 \\\n    --cluster-cidr=\"10.1.0.0/16\" \\\n    --service-cidr=\"10.2.0.0/16\" \\\n    --cluster-dns=\"10.2.0.10\"\n\n}\n\ncp_kubeconfig_to_s3() {\n    # Define the file path\n    K3S_YAML_PATH=\"/etc/rancher/k3s/k3s.yaml\"\n    \n    # Update the k3s.yaml file to replace 127.0.0.1 with alt_names\n    sed -i \"s|127.0.0.1|k3s-master-lb-f634149ebe211a04.elb.us-east-1.amazonaws.com|g\" $K3S_YAML_PATH\n\n    # Set permissions and copy the updated kubeconfig to S3\n    sudo chmod 777 $K3S_YAML_PATH\n    aws s3 cp $K3S_YAML_PATH s3://k3s-ha-cluster-assembly/k3s.yaml\n}\n\nput_k3s_parameters_store() {\n    token=$(sudo cat /var/lib/rancher/k3s/server/token)\n\n    aws ssm put-parameter \\\n    --name \"K3S_TOKEN\" \\\n    --value \"$token\" \\\n    --type \"SecureString\" \\\n    --overwrite\n\n    aws ssm put-parameter \\\n    --name \"K3S_SERVER\" \\\n    --value \"k3s-master-lb-f634149ebe211a04.elb.us-east-1.amazonaws.com\" \\\n    --type \"SecureString\" \\\n    --overwrite    \n}\n\ninstall_netbird\ninstall_k3s\nsleep 30\ncp_kubeconfig_to_s3\nput_k3s_parameters_store",
            "template": "#!/bin/bash\n\nexport AWS_DEFAULT_REGION=us-east-2\n# Generate a UUID\nUUID=$(uuidgen)\nHOSTNAME=$(hostname)\n# Create a short version (first 8 characters) using cut\nSHORT_UUID=$(echo $UUID | cut -d'-' -f1)\n\n# Create a hostname using the short UUID\nHOSTNAME=\"$HOSTNAME-$SHORT_UUID\"\n\n# Create a tag using the short UUID\nTAG=\"k3s-master:aws\"\n\n# Check if jq is installed, and install it if not\nif ! command -v jq \u0026\u003e /dev/null; then\n    log \"jq is not installed. Installing jq...\"\n    sudo apt-get update \u0026\u0026 sudo apt-get install -y jq uuid awscli\n    if [ $? -ne 0 ]; then\n        log \"Failed to install jq and uuid\"\n        exit 1\n    fi\nfi\n\ninstall_netbird() {\n    curl -fsSL https://pkgs.netbird.io/install.sh | sh\n    netbird up --setup-key ${netbird_key}\n\n    OVERLAY_IP=$(ip -4 addr show dev wt0 | grep -oP '(?\u003c=inet\\s)\\d+(\\.\\d+){3}')\n}\n\ninstall_k3s() {\n    log \"Installing k3s...\"\n    curl -sfL https://get.k3s.io | INSTALL_K3S_VERSION=\"${k3s_version}\" sh -s - ${mode} \\\n    --disable traefik \\\n    --disable servicelb \\\n    --token \"${k3s_token}\" \\\n    ${node_labels} \\\n    --tls-san=$OVERLAY_IP \\\n    --tls-san=\"${alt_names}\" \\\n    --datastore-endpoint=\"mysql://${k3s_database_user}:${k3s_database_password}@tcp(${k3s_database_endpoint})/${k3s_database_name}\" \\\n    --log $HOME/.k3s-install-log.txt \\\n    --disable-network-policy \\\n    --node-ip=$OVERLAY_IP \\\n    --node-name=$HOSTNAME \\\n    --flannel-iface=wt0 \\\n    --cluster-cidr=\"${k3s_cluster_cidr}\" \\\n    --service-cidr=\"${k3s_service_cidr}\" \\\n    --cluster-dns=\"${k3s_cluster_dns}\"\n\n}\n\ncp_kubeconfig_to_s3() {\n    # Define the file path\n    K3S_YAML_PATH=\"/etc/rancher/k3s/k3s.yaml\"\n    \n    # Update the k3s.yaml file to replace 127.0.0.1 with alt_names\n    sed -i \"s|127.0.0.1|${alt_names}|g\" $K3S_YAML_PATH\n\n    # Set permissions and copy the updated kubeconfig to S3\n    sudo chmod 777 $K3S_YAML_PATH\n    aws s3 cp $K3S_YAML_PATH s3://${s3_bucket_kubeconfig}/k3s.yaml\n}\n\nput_k3s_parameters_store() {\n    token=$(sudo cat /var/lib/rancher/k3s/server/token)\n\n    aws ssm put-parameter \\\n    --name \"K3S_TOKEN\" \\\n    --value \"$token\" \\\n    --type \"SecureString\" \\\n    --overwrite\n\n    aws ssm put-parameter \\\n    --name \"K3S_SERVER\" \\\n    --value \"${alt_names}\" \\\n    --type \"SecureString\" \\\n    --overwrite    \n}\n\ninstall_netbird\ninstall_k3s\nsleep 30\ncp_kubeconfig_to_s3\nput_k3s_parameters_store",
            "vars": {
              "alt_names": "k3s-master-lb-f634149ebe211a04.elb.us-east-1.amazonaws.com",
              "k3s_cluster_cidr": "10.1.0.0/16",
              "k3s_cluster_dns": "10.2.0.10",
              "k3s_database_endpoint": "54.163.21.40:3306",
              "k3s_database_name": "k3s_db",
              "k3s_database_password": "Testing39!",
              "k3s_database_user": "k3s",
              "k3s_service_cidr": "10.2.0.0/16",
              "k3s_token": "qZtAnurkLHX2KsgEAHTyvCr0azpLS4hL",
              "k3s_version": "v1.28.4+k3s1",
              "mode": "server",
              "netbird_key": "422F281C-10CF-48E8-9CF6-87B99DFC54D1",
              "node_labels": "--node-label host=aws --node-label role=master",
              "s3_bucket_kubeconfig": "k3s-ha-cluster-assembly"
            }
          },
          "sensitive_attributes": [
            [
              {
                "type": "get_attr",
                "value": "vars"
              },
              {
                "type": "index",
                "value": {
                  "value": "k3s_token",
                  "type": "string"
                }
              }
            ]
          ]
        }
      ]
    },
    {
      "module": "module.k3s-ha[0]",
      "mode": "managed",
      "type": "aws_iam_instance_profile",
      "name": "valuead_instance_profile",
      "provider": "provider[\"registry.terraform.io/hashicorp/aws\"]",
      "instances": [
        {
          "schema_version": 0,
          "attributes": {
            "arn": "arn:aws:iam::879381274960:instance-profile/valuead_instance_profile",
            "create_date": "2025-01-02T07:27:46Z",
            "id": "valuead_instance_profile",
            "name": "valuead_instance_profile",
            "name_prefix": "",
            "path": "/",
            "role": "valuead_instance_role",
            "tags": {},
            "tags_all": {},
            "unique_id": "AIPA4ZPZVMFIHAWLSFZWH"
          },
          "sensitive_attributes": [],
          "private": "bnVsbA==",
          "dependencies": [
            "module.k3s-ha.aws_iam_role.valuead_role"
          ]
        }
      ]
    },
    {
      "module": "module.k3s-ha[0]",
      "mode": "managed",
      "type": "aws_iam_policy",
      "name": "valuead_access_policy",
      "provider": "provider[\"registry.terraform.io/hashicorp/aws\"]",
      "instances": [
        {
          "schema_version": 0,
          "attributes": {
            "arn": "arn:aws:iam::879381274960:policy/valuead_access_policy",
            "attachment_count": 1,
            "description": "Policy to allow SSM and S3 access for EC2 instance",
            "id": "arn:aws:iam::879381274960:policy/valuead_access_policy",
            "name": "valuead_access_policy",
            "name_prefix": "",
            "path": "/",
            "policy": "{\"Statement\":[{\"Action\":\"ssm:*\",\"Effect\":\"Allow\",\"Resource\":\"*\"},{\"Action\":\"s3:*\",\"Effect\":\"Allow\",\"Resource\":\"*\"}],\"Version\":\"2012-10-17\"}",
            "policy_id": "ANPA4ZPZVMFIELK6PLFGW",
            "tags": {},
            "tags_all": {}
          },
          "sensitive_attributes": [],
          "private": "bnVsbA=="
        }
      ]
    },
    {
      "module": "module.k3s-ha[0]",
      "mode": "managed",
      "type": "aws_iam_role",
      "name": "valuead_role",
      "provider": "provider[\"registry.terraform.io/hashicorp/aws\"]",
      "instances": [
        {
          "schema_version": 0,
          "attributes": {
            "arn": "arn:aws:iam::879381274960:role/valuead_instance_role",
            "assume_role_policy": "{\"Statement\":[{\"Action\":\"sts:AssumeRole\",\"Effect\":\"Allow\",\"Principal\":{\"Service\":\"ec2.amazonaws.com\"}}],\"Version\":\"2012-10-17\"}",
            "create_date": "2025-01-02T07:27:45Z",
            "description": "",
            "force_detach_policies": false,
            "id": "valuead_instance_role",
            "inline_policy": [],
            "managed_policy_arns": [
              "arn:aws:iam::879381274960:policy/valuead_access_policy"
            ],
            "max_session_duration": 3600,
            "name": "valuead_instance_role",
            "name_prefix": "",
            "path": "/",
            "permissions_boundary": "",
            "tags": {},
            "tags_all": {},
            "unique_id": "AROA4ZPZVMFIAGS7LKH5V"
          },
          "sensitive_attributes": [],
          "private": "bnVsbA=="
        }
      ]
    },
    {
      "module": "module.k3s-ha[0]",
      "mode": "managed",
      "type": "aws_iam_role_policy_attachment",
      "name": "valuead_policy_attachment",
      "provider": "provider[\"registry.terraform.io/hashicorp/aws\"]",
      "instances": [
        {
          "schema_version": 0,
          "attributes": {
            "id": "valuead_instance_role-20250102072746484200000001",
            "policy_arn": "arn:aws:iam::879381274960:policy/valuead_access_policy",
            "role": "valuead_instance_role"
          },
          "sensitive_attributes": [],
          "private": "bnVsbA==",
          "dependencies": [
            "module.k3s-ha.aws_iam_policy.valuead_access_policy",
            "module.k3s-ha.aws_iam_role.valuead_role"
          ]
        }
      ]
    },
    {
      "module": "module.k3s-ha[0]",
      "mode": "managed",
      "type": "aws_key_pair",
      "name": "k3s_master_instance_key",
      "provider": "provider[\"registry.terraform.io/hashicorp/aws\"]",
      "instances": [
        {
          "schema_version": 1,
          "attributes": {
            "arn": "arn:aws:ec2:us-east-1:879381274960:key-pair/k3s-master-key",
            "fingerprint": "d8:8c:9b:4c:2f:f5:4d:c0:e9:ad:73:b4:82:4d:4d:14",
            "id": "k3s-master-key",
            "key_name": "k3s-master-key",
            "key_name_prefix": "",
            "key_pair_id": "key-054c5e55268064bc4",
            "key_type": "rsa",
            "public_key": "ssh-rsa AAAAB3NzaC1yc2EAAAADAQABAAACAQDS0cbapdquAHqkhZbKThXeoooRZ3J2if+iGLsuvJ6TGNW/87ejqwIdd/kmZLVaKPIg6Nbkgwhc0Vxv7nY2nqP47DAZ2gJAXeic8tqIP3nbwCsFZSM/bKYZWuur4JL974jCZ3vL5dWItI7M5lWQYuPmKqxQI0/InfbamKhL0T4CBxBcswegwmg9K/wkJDU2IvULYXzdk9SreK9C2u6bFF+aPOfBfLGSFMQF/zoS2y8ST9jIjcFv7CV/rCRzFy+Ts1SpuHb74MI5AlAsYcLEyqoUxR2FOm3p58zILH4ghKqumGfPC3IuJfEdVUQY1UwH/QG45mReOyjObxDRdJm/dHGMHzf7bTuM1zBRSND1r9S4RZOMuUif3tZG3Huz2chelt6ncRkzz2sv6KcQNh5TYIHHd/WLzUcQRlfeFS813o8EhsyUY83MebToMzTG0UP/w+AMKEMZtRjLhodNaPAPqRq43rUM0E0tkBo36zaOkgM6XiD/+ugL8DIeqOvZAVDLRdbEcRxwWlpTzNcq7lXNl6nTQOWZIVcNrNdpYA6vxsBph7goNqo+rPdmYOb9WLa5CwP+Lv3lVjvpHyoGBCwXqnNZNqXs730jZ29VRcFDk88NAqE0iCJuYBNsM9Z6DXH1Zmvf6OTdUDLNTAGctmdviq/hfsdEooh6kk7eD0i3T/wPKw==",
            "tags": {},
            "tags_all": {}
          },
          "sensitive_attributes": [],
          "private": "eyJzY2hlbWFfdmVyc2lvbiI6IjEifQ==",
          "dependencies": [
            "module.k3s-ha.tls_private_key.k3s_master_instance_key"
          ],
          "create_before_destroy": true
        }
      ]
    },
    {
      "module": "module.k3s-ha[0]",
      "mode": "managed",
      "type": "aws_lb",
      "name": "k3s_server_lb",
      "provider": "provider[\"registry.terraform.io/hashicorp/aws\"]",
      "instances": [
        {
          "schema_version": 0,
          "attributes": {
            "access_logs": [
              {
                "bucket": "",
                "enabled": false,
                "prefix": ""
              }
            ],
            "arn": "arn:aws:elasticloadbalancing:us-east-1:879381274960:loadbalancer/net/k3s-master-lb/f634149ebe211a04",
            "arn_suffix": "net/k3s-master-lb/f634149ebe211a04",
            "client_keep_alive": null,
            "connection_logs": [],
            "customer_owned_ipv4_pool": "",
            "desync_mitigation_mode": null,
            "dns_name": "k3s-master-lb-f634149ebe211a04.elb.us-east-1.amazonaws.com",
            "dns_record_client_routing_policy": "any_availability_zone",
            "drop_invalid_header_fields": null,
            "enable_cross_zone_load_balancing": true,
            "enable_deletion_protection": false,
            "enable_http2": null,
            "enable_tls_version_and_cipher_suite_headers": null,
            "enable_waf_fail_open": null,
            "enable_xff_client_port": null,
            "enable_zonal_shift": false,
            "enforce_security_group_inbound_rules_on_private_link_traffic": "",
            "id": "arn:aws:elasticloadbalancing:us-east-1:879381274960:loadbalancer/net/k3s-master-lb/f634149ebe211a04",
            "idle_timeout": null,
            "internal": false,
            "ip_address_type": "ipv4",
            "load_balancer_type": "network",
            "name": "k3s-master-lb",
            "name_prefix": "",
            "preserve_host_header": null,
            "security_groups": [],
            "subnet_mapping": [
              {
                "allocation_id": "",
                "ipv6_address": "",
                "outpost_id": "",
                "private_ipv4_address": "",
                "subnet_id": "subnet-0e7f5e2aa33b7316c"
              }
            ],
            "subnets": [
              "subnet-0e7f5e2aa33b7316c"
            ],
            "tags": {
              "ProvisionBy": "Terraform"
            },
            "tags_all": {
              "ProvisionBy": "Terraform"
            },
            "timeouts": null,
            "vpc_id": "vpc-081ec9cb4ce7e804e",
            "xff_header_processing_mode": null,
            "zone_id": "Z26RNL4JYFTOTI"
          },
          "sensitive_attributes": [],
          "private": "eyJlMmJmYjczMC1lY2FhLTExZTYtOGY4OC0zNDM2M2JjN2M0YzAiOnsiY3JlYXRlIjo2MDAwMDAwMDAwMDAsImRlbGV0ZSI6NjAwMDAwMDAwMDAwLCJ1cGRhdGUiOjYwMDAwMDAwMDAwMH19",
          "dependencies": [
            "module.vpc.aws_subnet.public",
            "module.vpc.aws_vpc.this",
            "module.vpc.aws_vpc_ipv4_cidr_block_association.this"
          ],
          "create_before_destroy": true
        }
      ]
    },
    {
      "module": "module.k3s-ha[0]",
      "mode": "managed",
      "type": "aws_lb_listener",
      "name": "k3s_server_lb_listener_kubeapi",
      "provider": "provider[\"registry.terraform.io/hashicorp/aws\"]",
      "instances": [
        {
          "schema_version": 0,
          "attributes": {
            "alpn_policy": null,
            "arn": "arn:aws:elasticloadbalancing:us-east-1:879381274960:listener/net/k3s-master-lb/f634149ebe211a04/19a09a3bca398451",
            "certificate_arn": null,
            "default_action": [
              {
                "authenticate_cognito": [],
                "authenticate_oidc": [],
                "fixed_response": [],
                "forward": [],
                "order": 1,
                "redirect": [],
                "target_group_arn": "arn:aws:elasticloadbalancing:us-east-1:879381274960:targetgroup/tf-20250102073022345400000002/4ac72bcdba1e67bf",
                "type": "forward"
              }
            ],
            "id": "arn:aws:elasticloadbalancing:us-east-1:879381274960:listener/net/k3s-master-lb/f634149ebe211a04/19a09a3bca398451",
            "load_balancer_arn": "arn:aws:elasticloadbalancing:us-east-1:879381274960:loadbalancer/net/k3s-master-lb/f634149ebe211a04",
            "mutual_authentication": [],
            "port": 6443,
            "protocol": "TCP",
            "ssl_policy": "",
            "tags": {
              "ProvisionBy": "Terraform"
            },
            "tags_all": {
              "ProvisionBy": "Terraform"
            },
            "tcp_idle_timeout_seconds": 350,
            "timeouts": null
          },
          "sensitive_attributes": [],
          "private": "eyJlMmJmYjczMC1lY2FhLTExZTYtOGY4OC0zNDM2M2JjN2M0YzAiOnsiY3JlYXRlIjozMDAwMDAwMDAwMDAsInVwZGF0ZSI6MzAwMDAwMDAwMDAwfX0=",
          "dependencies": [
            "module.k3s-ha.aws_lb.k3s_server_lb",
            "module.k3s-ha.aws_lb_target_group.k3s_server_tg",
            "module.vpc.aws_subnet.public",
            "module.vpc.aws_vpc.this",
            "module.vpc.aws_vpc_ipv4_cidr_block_association.this"
          ]
        }
      ]
    },
    {
      "module": "module.k3s-ha[0]",
      "mode": "managed",
      "type": "aws_lb_target_group",
      "name": "k3s_server_tg",
      "provider": "provider[\"registry.terraform.io/hashicorp/aws\"]",
      "instances": [
        {
          "schema_version": 0,
          "attributes": {
            "arn": "arn:aws:elasticloadbalancing:us-east-1:879381274960:targetgroup/tf-20250102073022345400000002/4ac72bcdba1e67bf",
            "arn_suffix": "targetgroup/tf-20250102073022345400000002/4ac72bcdba1e67bf",
            "connection_termination": false,
            "deregistration_delay": "300",
            "health_check": [
              {
                "enabled": true,
                "healthy_threshold": 3,
                "interval": 30,
                "matcher": "",
                "path": "",
                "port": "traffic-port",
                "protocol": "TCP",
                "timeout": 10,
                "unhealthy_threshold": 3
              }
            ],
            "id": "arn:aws:elasticloadbalancing:us-east-1:879381274960:targetgroup/tf-20250102073022345400000002/4ac72bcdba1e67bf",
            "ip_address_type": "ipv4",
            "lambda_multi_value_headers_enabled": false,
            "load_balancer_arns": [
              "arn:aws:elasticloadbalancing:us-east-1:879381274960:loadbalancer/net/k3s-master-lb/f634149ebe211a04"
            ],
            "load_balancing_algorithm_type": null,
            "load_balancing_anomaly_mitigation": null,
            "load_balancing_cross_zone_enabled": "use_load_balancer_configuration",
            "name": "tf-20250102073022345400000002",
            "name_prefix": "tf-",
            "port": 6443,
            "preserve_client_ip": "true",
            "protocol": "TCP",
            "protocol_version": null,
            "proxy_protocol_v2": false,
            "slow_start": 0,
            "stickiness": [
              {
                "cookie_duration": 0,
                "cookie_name": "",
                "enabled": false,
                "type": "source_ip"
              }
            ],
            "tags": {
              "ProvisionBy": "Terraform"
            },
            "tags_all": {
              "ProvisionBy": "Terraform"
            },
            "target_failover": [
              {
                "on_deregistration": null,
                "on_unhealthy": null
              }
            ],
            "target_group_health": [
              {
                "dns_failover": [
                  {
                    "minimum_healthy_targets_count": "1",
                    "minimum_healthy_targets_percentage": "off"
                  }
                ],
                "unhealthy_state_routing": [
                  {
                    "minimum_healthy_targets_count": 1,
                    "minimum_healthy_targets_percentage": "off"
                  }
                ]
              }
            ],
            "target_health_state": [
              {
                "enable_unhealthy_connection_termination": true,
                "unhealthy_draining_interval": 0
              }
            ],
            "target_type": "instance",
            "vpc_id": "vpc-081ec9cb4ce7e804e"
          },
          "sensitive_attributes": [],
          "private": "bnVsbA==",
          "dependencies": [
            "module.k3s-ha.aws_lb.k3s_server_lb",
            "module.vpc.aws_subnet.public",
            "module.vpc.aws_vpc.this",
            "module.vpc.aws_vpc_ipv4_cidr_block_association.this"
          ],
          "create_before_destroy": true
        }
      ]
    },
    {
      "module": "module.k3s-ha[0]",
      "mode": "managed",
      "type": "aws_lb_target_group_attachment",
      "name": "k3s_server_tg_attachment",
      "provider": "provider[\"registry.terraform.io/hashicorp/aws\"]",
      "instances": [
        {
          "index_key": "primary",
          "schema_version": 0,
          "attributes": {
            "availability_zone": null,
            "id": "arn:aws:elasticloadbalancing:us-east-1:879381274960:targetgroup/tf-20250102073022345400000002/4ac72bcdba1e67bf-20250102080040596600000004",
            "port": 6443,
            "target_group_arn": "arn:aws:elasticloadbalancing:us-east-1:879381274960:targetgroup/tf-20250102073022345400000002/4ac72bcdba1e67bf",
            "target_id": "i-07649f8a8c2601111"
          },
          "sensitive_attributes": [],
          "private": "bnVsbA==",
          "dependencies": [
            "module.k3s-ha.aws_iam_instance_profile.valuead_instance_profile",
            "module.k3s-ha.aws_iam_role.valuead_role",
            "module.k3s-ha.aws_key_pair.k3s_master_instance_key",
            "module.k3s-ha.aws_lb.k3s_server_lb",
            "module.k3s-ha.aws_lb_target_group.k3s_server_tg",
            "module.k3s-ha.aws_security_group.allow_k3s_master",
            "module.k3s-ha.data.aws_ami.ubuntu_ami",
            "module.k3s-ha.data.template_file.k3s_master_startup_script",
            "module.k3s-ha.module.k3s_master_instance.aws_iam_instance_profile.this",
            "module.k3s-ha.module.k3s_master_instance.aws_iam_role.this",
            "module.k3s-ha.module.k3s_master_instance.aws_iam_role_policy_attachment.this",
            "module.k3s-ha.module.k3s_master_instance.aws_instance.ignore_ami",
            "module.k3s-ha.module.k3s_master_instance.aws_instance.this",
            "module.k3s-ha.module.k3s_master_instance.aws_spot_instance_request.this",
            "module.k3s-ha.module.k3s_master_instance.data.aws_iam_policy_document.assume_role_policy",
            "module.k3s-ha.module.k3s_master_instance.data.aws_partition.current",
            "module.k3s-ha.module.k3s_master_instance.data.aws_ssm_parameter.this",
            "module.k3s-ha.random_password.k3s_token",
            "module.k3s-ha.tls_private_key.k3s_master_instance_key",
            "module.vpc.aws_subnet.private",
            "module.vpc.aws_subnet.public",
            "module.vpc.aws_vpc.this",
            "module.vpc.aws_vpc_ipv4_cidr_block_association.this"
          ]
        },
        {
          "index_key": "secondary",
          "schema_version": 0,
          "attributes": {
            "availability_zone": null,
            "id": "arn:aws:elasticloadbalancing:us-east-1:879381274960:targetgroup/tf-20250102073022345400000002/4ac72bcdba1e67bf-20250102080040716600000006",
            "port": 6443,
            "target_group_arn": "arn:aws:elasticloadbalancing:us-east-1:879381274960:targetgroup/tf-20250102073022345400000002/4ac72bcdba1e67bf",
            "target_id": "i-01af60ac32205335a"
          },
          "sensitive_attributes": [],
          "private": "bnVsbA==",
          "dependencies": [
            "module.k3s-ha.aws_iam_instance_profile.valuead_instance_profile",
            "module.k3s-ha.aws_iam_role.valuead_role",
            "module.k3s-ha.aws_key_pair.k3s_master_instance_key",
            "module.k3s-ha.aws_lb.k3s_server_lb",
            "module.k3s-ha.aws_lb_target_group.k3s_server_tg",
            "module.k3s-ha.aws_security_group.allow_k3s_master",
            "module.k3s-ha.data.aws_ami.ubuntu_ami",
            "module.k3s-ha.data.template_file.k3s_master_startup_script",
            "module.k3s-ha.module.k3s_master_instance.aws_iam_instance_profile.this",
            "module.k3s-ha.module.k3s_master_instance.aws_iam_role.this",
            "module.k3s-ha.module.k3s_master_instance.aws_iam_role_policy_attachment.this",
            "module.k3s-ha.module.k3s_master_instance.aws_instance.ignore_ami",
            "module.k3s-ha.module.k3s_master_instance.aws_instance.this",
            "module.k3s-ha.module.k3s_master_instance.aws_spot_instance_request.this",
            "module.k3s-ha.module.k3s_master_instance.data.aws_iam_policy_document.assume_role_policy",
            "module.k3s-ha.module.k3s_master_instance.data.aws_partition.current",
            "module.k3s-ha.module.k3s_master_instance.data.aws_ssm_parameter.this",
            "module.k3s-ha.random_password.k3s_token",
            "module.k3s-ha.tls_private_key.k3s_master_instance_key",
            "module.vpc.aws_subnet.private",
            "module.vpc.aws_subnet.public",
            "module.vpc.aws_vpc.this",
            "module.vpc.aws_vpc_ipv4_cidr_block_association.this"
          ]
        },
        {
          "index_key": "tertiary",
          "schema_version": 0,
          "attributes": {
            "availability_zone": null,
            "id": "arn:aws:elasticloadbalancing:us-east-1:879381274960:targetgroup/tf-20250102073022345400000002/4ac72bcdba1e67bf-20250102080040629900000005",
            "port": 6443,
            "target_group_arn": "arn:aws:elasticloadbalancing:us-east-1:879381274960:targetgroup/tf-20250102073022345400000002/4ac72bcdba1e67bf",
            "target_id": "i-0ac56e1b7f14856d6"
          },
          "sensitive_attributes": [],
          "private": "bnVsbA==",
          "dependencies": [
            "module.k3s-ha.aws_iam_instance_profile.valuead_instance_profile",
            "module.k3s-ha.aws_iam_role.valuead_role",
            "module.k3s-ha.aws_key_pair.k3s_master_instance_key",
            "module.k3s-ha.aws_lb.k3s_server_lb",
            "module.k3s-ha.aws_lb_target_group.k3s_server_tg",
            "module.k3s-ha.aws_security_group.allow_k3s_master",
            "module.k3s-ha.data.aws_ami.ubuntu_ami",
            "module.k3s-ha.data.template_file.k3s_master_startup_script",
            "module.k3s-ha.module.k3s_master_instance.aws_iam_instance_profile.this",
            "module.k3s-ha.module.k3s_master_instance.aws_iam_role.this",
            "module.k3s-ha.module.k3s_master_instance.aws_iam_role_policy_attachment.this",
            "module.k3s-ha.module.k3s_master_instance.aws_instance.ignore_ami",
            "module.k3s-ha.module.k3s_master_instance.aws_instance.this",
            "module.k3s-ha.module.k3s_master_instance.aws_spot_instance_request.this",
            "module.k3s-ha.module.k3s_master_instance.data.aws_iam_policy_document.assume_role_policy",
            "module.k3s-ha.module.k3s_master_instance.data.aws_partition.current",
            "module.k3s-ha.module.k3s_master_instance.data.aws_ssm_parameter.this",
            "module.k3s-ha.random_password.k3s_token",
            "module.k3s-ha.tls_private_key.k3s_master_instance_key",
            "module.vpc.aws_subnet.private",
            "module.vpc.aws_subnet.public",
            "module.vpc.aws_vpc.this",
            "module.vpc.aws_vpc_ipv4_cidr_block_association.this"
          ]
        }
      ]
    },
    {
      "module": "module.k3s-ha[0]",
      "mode": "managed",
      "type": "aws_security_group",
      "name": "allow_k3s_master",
      "provider": "provider[\"registry.terraform.io/hashicorp/aws\"]",
      "instances": [
        {
          "schema_version": 1,
          "attributes": {
            "arn": "arn:aws:ec2:us-east-1:879381274960:security-group/sg-052d38c35c4742452",
            "description": "ingress rules for k3s master",
            "egress": [
              {
                "cidr_blocks": [
                  "0.0.0.0/0"
                ],
                "description": "",
                "from_port": 0,
                "ipv6_cidr_blocks": [],
                "prefix_list_ids": [],
                "protocol": "-1",
                "security_groups": [],
                "self": false,
                "to_port": 0
              }
            ],
            "id": "sg-052d38c35c4742452",
            "ingress": [
              {
                "cidr_blocks": [
                  "0.0.0.0/0"
                ],
                "description": "",
                "from_port": 10250,
                "ipv6_cidr_blocks": [],
                "prefix_list_ids": [],
                "protocol": "tcp",
                "security_groups": [],
                "self": false,
                "to_port": 10250
              },
              {
                "cidr_blocks": [
                  "0.0.0.0/0"
                ],
                "description": "",
                "from_port": 22,
                "ipv6_cidr_blocks": [],
                "prefix_list_ids": [],
                "protocol": "tcp",
                "security_groups": [],
                "self": false,
                "to_port": 22
              },
              {
                "cidr_blocks": [
                  "0.0.0.0/0"
                ],
                "description": "",
                "from_port": 51820,
                "ipv6_cidr_blocks": [],
                "prefix_list_ids": [],
                "protocol": "udp",
                "security_groups": [],
                "self": false,
                "to_port": 51820
              },
              {
                "cidr_blocks": [
                  "0.0.0.0/0"
                ],
                "description": "",
                "from_port": 51821,
                "ipv6_cidr_blocks": [],
                "prefix_list_ids": [],
                "protocol": "udp",
                "security_groups": [],
                "self": false,
                "to_port": 51821
              },
              {
                "cidr_blocks": [
                  "0.0.0.0/0"
                ],
                "description": "",
                "from_port": 6443,
                "ipv6_cidr_blocks": [],
                "prefix_list_ids": [],
                "protocol": "tcp",
                "security_groups": [],
                "self": false,
                "to_port": 6443
              },
              {
                "cidr_blocks": [
                  "0.0.0.0/0"
                ],
                "description": "",
                "from_port": 6444,
                "ipv6_cidr_blocks": [],
                "prefix_list_ids": [],
                "protocol": "tcp",
                "security_groups": [],
                "self": false,
                "to_port": 6444
              },
              {
                "cidr_blocks": [
                  "0.0.0.0/0"
                ],
                "description": "",
                "from_port": 8472,
                "ipv6_cidr_blocks": [],
                "prefix_list_ids": [],
                "protocol": "udp",
                "security_groups": [],
                "self": false,
                "to_port": 8472
              }
            ],
            "name": "k3s-master",
            "name_prefix": "",
            "owner_id": "879381274960",
            "revoke_rules_on_delete": false,
            "tags": {
              "ProvisionBy": "Terraform"
            },
            "tags_all": {
              "ProvisionBy": "Terraform"
            },
            "timeouts": null,
            "vpc_id": "vpc-081ec9cb4ce7e804e"
          },
          "sensitive_attributes": [],
          "private": "eyJlMmJmYjczMC1lY2FhLTExZTYtOGY4OC0zNDM2M2JjN2M0YzAiOnsiY3JlYXRlIjo2MDAwMDAwMDAwMDAsImRlbGV0ZSI6OTAwMDAwMDAwMDAwfSwic2NoZW1hX3ZlcnNpb24iOiIxIn0=",
          "dependencies": [
            "module.vpc.aws_vpc.this"
          ]
        }
      ]
    },
    {
      "module": "module.k3s-ha[0]",
      "mode": "managed",
      "type": "aws_vpc_security_group_egress_rule",
      "name": "allow_all_traffic_ipv4",
      "provider": "provider[\"registry.terraform.io/hashicorp/aws\"]",
      "instances": [
        {
          "schema_version": 0,
          "attributes": {
            "arn": "arn:aws:ec2:us-east-1:879381274960:security-group-rule/sgr-03cd2cd0b99029638",
            "cidr_ipv4": "0.0.0.0/0",
            "cidr_ipv6": null,
            "description": null,
            "from_port": null,
            "id": "sgr-03cd2cd0b99029638",
            "ip_protocol": "-1",
            "prefix_list_id": null,
            "referenced_security_group_id": null,
            "security_group_id": "sg-052d38c35c4742452",
            "security_group_rule_id": "sgr-03cd2cd0b99029638",
            "tags": null,
            "tags_all": {},
            "to_port": null
          },
          "sensitive_attributes": [],
          "dependencies": [
            "module.k3s-ha.aws_security_group.allow_k3s_master",
            "module.vpc.aws_vpc.this"
          ]
        }
      ]
    },
    {
      "module": "module.k3s-ha[0]",
      "mode": "managed",
      "type": "aws_vpc_security_group_ingress_rule",
      "name": "allow_flannel_vxlan",
      "provider": "provider[\"registry.terraform.io/hashicorp/aws\"]",
      "instances": [
        {
          "schema_version": 0,
          "attributes": {
            "arn": "arn:aws:ec2:us-east-1:879381274960:security-group-rule/sgr-0a4c6bd86bd768127",
            "cidr_ipv4": "0.0.0.0/0",
            "cidr_ipv6": null,
            "description": null,
            "from_port": 8472,
            "id": "sgr-0a4c6bd86bd768127",
            "ip_protocol": "udp",
            "prefix_list_id": null,
            "referenced_security_group_id": null,
            "security_group_id": "sg-052d38c35c4742452",
            "security_group_rule_id": "sgr-0a4c6bd86bd768127",
            "tags": null,
            "tags_all": {},
            "to_port": 8472
          },
          "sensitive_attributes": [],
          "dependencies": [
            "module.k3s-ha.aws_security_group.allow_k3s_master",
            "module.vpc.aws_vpc.this"
          ]
        }
      ]
    },
    {
      "module": "module.k3s-ha[0]",
      "mode": "managed",
      "type": "aws_vpc_security_group_ingress_rule",
      "name": "allow_flannel_wireguard_ipv4",
      "provider": "provider[\"registry.terraform.io/hashicorp/aws\"]",
      "instances": [
        {
          "schema_version": 0,
          "attributes": {
            "arn": "arn:aws:ec2:us-east-1:879381274960:security-group-rule/sgr-06aa9819f72f803ba",
            "cidr_ipv4": "0.0.0.0/0",
            "cidr_ipv6": null,
            "description": null,
            "from_port": 51820,
            "id": "sgr-06aa9819f72f803ba",
            "ip_protocol": "udp",
            "prefix_list_id": null,
            "referenced_security_group_id": null,
            "security_group_id": "sg-052d38c35c4742452",
            "security_group_rule_id": "sgr-06aa9819f72f803ba",
            "tags": null,
            "tags_all": {},
            "to_port": 51820
          },
          "sensitive_attributes": [],
          "dependencies": [
            "module.k3s-ha.aws_security_group.allow_k3s_master",
            "module.vpc.aws_vpc.this"
          ]
        }
      ]
    },
    {
      "module": "module.k3s-ha[0]",
      "mode": "managed",
      "type": "aws_vpc_security_group_ingress_rule",
      "name": "allow_flannel_wireguard_ipv6",
      "provider": "provider[\"registry.terraform.io/hashicorp/aws\"]",
      "instances": [
        {
          "schema_version": 0,
          "attributes": {
            "arn": "arn:aws:ec2:us-east-1:879381274960:security-group-rule/sgr-0973414584f999a01",
            "cidr_ipv4": "0.0.0.0/0",
            "cidr_ipv6": null,
            "description": null,
            "from_port": 51821,
            "id": "sgr-0973414584f999a01",
            "ip_protocol": "udp",
            "prefix_list_id": null,
            "referenced_security_group_id": null,
            "security_group_id": "sg-052d38c35c4742452",
            "security_group_rule_id": "sgr-0973414584f999a01",
            "tags": null,
            "tags_all": {},
            "to_port": 51821
          },
          "sensitive_attributes": [],
          "dependencies": [
            "module.k3s-ha.aws_security_group.allow_k3s_master",
            "module.vpc.aws_vpc.this"
          ]
        }
      ]
    },
    {
      "module": "module.k3s-ha[0]",
      "mode": "managed",
      "type": "aws_vpc_security_group_ingress_rule",
      "name": "allow_k3s_api",
      "provider": "provider[\"registry.terraform.io/hashicorp/aws\"]",
      "instances": [
        {
          "schema_version": 0,
          "attributes": {
            "arn": "arn:aws:ec2:us-east-1:879381274960:security-group-rule/sgr-07854f640ea473e1f",
            "cidr_ipv4": "0.0.0.0/0",
            "cidr_ipv6": null,
            "description": null,
            "from_port": 6443,
            "id": "sgr-07854f640ea473e1f",
            "ip_protocol": "tcp",
            "prefix_list_id": null,
            "referenced_security_group_id": null,
            "security_group_id": "sg-052d38c35c4742452",
            "security_group_rule_id": "sgr-07854f640ea473e1f",
            "tags": null,
            "tags_all": {},
            "to_port": 6443
          },
          "sensitive_attributes": [],
          "dependencies": [
            "module.k3s-ha.aws_security_group.allow_k3s_master",
            "module.vpc.aws_vpc.this"
          ]
        }
      ]
    },
    {
      "module": "module.k3s-ha[0]",
      "mode": "managed",
      "type": "aws_vpc_security_group_ingress_rule",
      "name": "allow_k3s_api_6444",
      "provider": "provider[\"registry.terraform.io/hashicorp/aws\"]",
      "instances": [
        {
          "schema_version": 0,
          "attributes": {
            "arn": "arn:aws:ec2:us-east-1:879381274960:security-group-rule/sgr-09e7018262f81b3f9",
            "cidr_ipv4": "0.0.0.0/0",
            "cidr_ipv6": null,
            "description": null,
            "from_port": 6444,
            "id": "sgr-09e7018262f81b3f9",
            "ip_protocol": "tcp",
            "prefix_list_id": null,
            "referenced_security_group_id": null,
            "security_group_id": "sg-052d38c35c4742452",
            "security_group_rule_id": "sgr-09e7018262f81b3f9",
            "tags": null,
            "tags_all": {},
            "to_port": 6444
          },
          "sensitive_attributes": [],
          "dependencies": [
            "module.k3s-ha.aws_security_group.allow_k3s_master",
            "module.vpc.aws_vpc.this"
          ]
        }
      ]
    },
    {
      "module": "module.k3s-ha[0]",
      "mode": "managed",
      "type": "aws_vpc_security_group_ingress_rule",
      "name": "allow_kubelet_metrics",
      "provider": "provider[\"registry.terraform.io/hashicorp/aws\"]",
      "instances": [
        {
          "schema_version": 0,
          "attributes": {
            "arn": "arn:aws:ec2:us-east-1:879381274960:security-group-rule/sgr-04dafdf1327223993",
            "cidr_ipv4": "0.0.0.0/0",
            "cidr_ipv6": null,
            "description": null,
            "from_port": 10250,
            "id": "sgr-04dafdf1327223993",
            "ip_protocol": "tcp",
            "prefix_list_id": null,
            "referenced_security_group_id": null,
            "security_group_id": "sg-052d38c35c4742452",
            "security_group_rule_id": "sgr-04dafdf1327223993",
            "tags": null,
            "tags_all": {},
            "to_port": 10250
          },
          "sensitive_attributes": [],
          "dependencies": [
            "module.k3s-ha.aws_security_group.allow_k3s_master",
            "module.vpc.aws_vpc.this"
          ]
        }
      ]
    },
    {
      "module": "module.k3s-ha[0]",
      "mode": "managed",
      "type": "aws_vpc_security_group_ingress_rule",
      "name": "allow_ssh",
      "provider": "provider[\"registry.terraform.io/hashicorp/aws\"]",
      "instances": [
        {
          "index_key": "0.0.0.0/0",
          "schema_version": 0,
          "attributes": {
            "arn": "arn:aws:ec2:us-east-1:879381274960:security-group-rule/sgr-0bce5672a0b01b056",
            "cidr_ipv4": "0.0.0.0/0",
            "cidr_ipv6": null,
            "description": null,
            "from_port": 22,
            "id": "sgr-0bce5672a0b01b056",
            "ip_protocol": "tcp",
            "prefix_list_id": null,
            "referenced_security_group_id": null,
            "security_group_id": "sg-052d38c35c4742452",
            "security_group_rule_id": "sgr-0bce5672a0b01b056",
            "tags": null,
            "tags_all": {},
            "to_port": 22
          },
          "sensitive_attributes": [],
          "dependencies": [
            "module.k3s-ha.aws_security_group.allow_k3s_master",
            "module.vpc.aws_vpc.this"
          ]
        }
      ]
    },
    {
      "module": "module.k3s-ha[0]",
      "mode": "managed",
      "type": "random_password",
      "name": "k3s_token",
      "provider": "provider[\"registry.terraform.io/hashicorp/random\"]",
      "instances": [
        {
          "schema_version": 3,
          "attributes": {
            "bcrypt_hash": "$2a$10$ZhhI/HCKH3KBvFBWb5ZAp.v2ai5HOM7Cp0wwk1yvCa7TJkBmETUWW",
            "id": "none",
            "keepers": null,
            "length": 32,
            "lower": true,
            "min_lower": 1,
            "min_numeric": 1,
            "min_special": 0,
            "min_upper": 1,
            "number": true,
            "numeric": true,
            "override_special": null,
            "result": "qZtAnurkLHX2KsgEAHTyvCr0azpLS4hL",
            "special": false,
            "upper": true
          },
          "sensitive_attributes": [
            [
              {
                "type": "get_attr",
                "value": "result"
              }
            ],
            [
              {
                "type": "get_attr",
                "value": "bcrypt_hash"
              }
            ]
          ]
        }
      ]
    },
    {
      "module": "module.k3s-ha[0]",
      "mode": "managed",
      "type": "tls_private_key",
      "name": "k3s_master_instance_key",
      "provider": "provider[\"registry.terraform.io/hashicorp/tls\"]",
      "instances": [
        {
          "schema_version": 1,
          "attributes": {
            "algorithm": "RSA",
            "ecdsa_curve": "P224",
            "id": "b599a32c2406d197d7bfc20c382ec6f86603f735",
            "private_key_openssh": "-----BEGIN OPENSSH PRIVATE KEY-----\nb3BlbnNzaC1rZXktdjEAAAAABG5vbmUAAAAEbm9uZQAAAAAAAAABAAACFwAAAAdz\nc2gtcnNhAAAAAwEAAQAAAgEA0tHG2qXargB6pIWWyk4V3qKKEWdydon/ohi7Lrye\nkxjVv/O3o6sCHXf5JmS1WijyIOjW5IMIXNFcb+52Np6j+OwwGdoCQF3onPLaiD95\n28ArBWUjP2ymGVrrq+CS/e+Iwmd7y+XViLSOzOZVkGLj5iqsUCNPyJ322pioS9E+\nAgcQXLMHoMJoPSv8JCQ1NiL1C2F83ZPUq3ivQtrumxRfmjznwXyxkhTEBf86Etsv\nEk/YyI3Bb+wlf6wkcxcvk7NUqbh2++DCOQJQLGHCxMqqFMUdhTpt6efMyCx+IISq\nrphnzwtyLiXxHVVEGNVMB/0BuOZkXjsozm8Q0XSZv3RxjB83+207jNcwUUjQ9a/U\nuEWTjLlIn97WRtx7s9nIXpbep3EZM89rL+inEDYeU2CBx3f1i81HEEZX3hUvNd6P\nBIbMlGPNzHm06DM0xtFD/8PgDChDGbUYy4aHTWjwD6kauN61DNBNLZAaN+s2jpID\nOl4g//roC/AyHqjr2QFQy0XWxHEccFpaU8zXKu5VzZep00DlmSFXDazXaWAOr8bA\naYe4KDaqPqz3ZmDm/Vi2uQsD/i795VY76R8qBgQsF6pzWTal7O99I2dvVUXBQ5PP\nDQKhNIgibmATbDPWeg1x9WZr3+jk3VAyzUwBnLZnb4qv4X7HRKKIepJO3g9It0/8\nDysAAAc4e85xVXvOcVUAAAAHc3NoLXJzYQAAAgEA0tHG2qXargB6pIWWyk4V3qKK\nEWdydon/ohi7LryekxjVv/O3o6sCHXf5JmS1WijyIOjW5IMIXNFcb+52Np6j+Oww\nGdoCQF3onPLaiD9528ArBWUjP2ymGVrrq+CS/e+Iwmd7y+XViLSOzOZVkGLj5iqs\nUCNPyJ322pioS9E+AgcQXLMHoMJoPSv8JCQ1NiL1C2F83ZPUq3ivQtrumxRfmjzn\nwXyxkhTEBf86EtsvEk/YyI3Bb+wlf6wkcxcvk7NUqbh2++DCOQJQLGHCxMqqFMUd\nhTpt6efMyCx+IISqrphnzwtyLiXxHVVEGNVMB/0BuOZkXjsozm8Q0XSZv3RxjB83\n+207jNcwUUjQ9a/UuEWTjLlIn97WRtx7s9nIXpbep3EZM89rL+inEDYeU2CBx3f1\ni81HEEZX3hUvNd6PBIbMlGPNzHm06DM0xtFD/8PgDChDGbUYy4aHTWjwD6kauN61\nDNBNLZAaN+s2jpIDOl4g//roC/AyHqjr2QFQy0XWxHEccFpaU8zXKu5VzZep00Dl\nmSFXDazXaWAOr8bAaYe4KDaqPqz3ZmDm/Vi2uQsD/i795VY76R8qBgQsF6pzWTal\n7O99I2dvVUXBQ5PPDQKhNIgibmATbDPWeg1x9WZr3+jk3VAyzUwBnLZnb4qv4X7H\nRKKIepJO3g9It0/8DysAAAADAQABAAACAQDQPVQ+H3udSm3aWvZyiKUDj+vvew5O\nVsuCcwlaBghg5jQk8fkgGsfxEdOx/+I+15krtrKlb2TwQgEbsyFjnFn9hFeTAYwd\nxmUBusTvtjuJPA2Cu78QZCLBgtStpxuq51NgK9XVtwWwjiFL9ezovTW94cLpOagS\nUy5GCGqc0Wd9mzqnRlQvkDhkzDC4BmflPKxt/HLZb6+vXHtJ/3WXC43PjX+i2KeR\n0x85iTz06TpazTImEBfVlR4JOaGbaXieXZIwPzyQWhefNlC5NiusNT/BWl9pfSia\n1lOqGoDPYBw0b+iCVB0JxoKfZdzo5q++aESuPi1AAxGwr3aeXp2LxtpsMmZu6Y7v\nnnWtkvMEL0HeOaOX8RCp+iVNphopor1IbdXhpu1ctd6cEhpigtna6ydjPgngDWmZ\nbgDEDa5IUuTmWPbxVgA7JLsr53bJvJHlhWcePJVfwk7XY2Dvq0V5qu8zmz9oCBTk\noHNhfnQfcVhaNuoUGOqCqvjt6iL74P+xKY2inHwviKzl7UKIHUPquQpVngvpJnKq\njTxTJO/FD40g+7ejUSTFSXADPgIKsJHQSiHMYs3dA0m9gmq0seyhaM+fVZSBD7cR\n3hOzlrVg6XRNDdNFGP/Q+YPQ7HusKKB4PShiM1mTR+FLcw6oq1IXmiJ9gVdwGV2n\nQnJDhs+6OflumQAAAQBdqqc1hM4KyMdtx431G6T/HCtBL2Uxt3hY+FvXFkzQanex\n+SdrCAPnS+2JmjrngMgM1ccOlktxIZFU93QVuaiQxps5/lOJftppAQlKmqW9t8kj\n1/SZRx5pSyozDqbnlEnDvfljZkJJTOY+NBFCaQV/0EUTSnTRV1AYMV1LhMzyubz9\n6xl0WmuFTPBJx8WpDn5od3XRlaIWJnh+hJzQt806CCJDhvRt/GpTh3FuPi/+nvqq\nNn1yxx9oxoUpdMm5ESUEfWvCIcm+GuP2HcVJlnsNO0hyIjo6EvD6G264GfHp9vsl\n0yovgR+D/sauH/sBMLkT32gGlEVRKV3DlO2QA+qGAAABAQDqZr8tee3bQiEVovZJ\n2Fex+onBXsKbcYdRN3N6s3ivJGoz8cvmNiSQSh3x7aGXS/iJHW3Z+14fQWZ6gMfe\nnEEyHK3hoCGEJK1sRnLWlrQtPej5IXeHd8L6fE4yM7wk2MyGtk5dn6UwG6H8UYLt\nRm7AAo7U5/pOXSTUjySZOJSxoKr2vkDf0I3S2XrGGp3diIM3KT3GfY4oKCJGSbvN\n61sooUmUfGi/QHnWzo5ckKTsk55VhjiUeqafduBvxuxGINGj5DhBI8/Wbhnj7doF\n4lSNRzF8kPSIDW8cUFQCTbeIm6DVIjZIBEzOMubZRonjuYvW8EdG/WP/vSOVPTkH\njToHAAABAQDmPsKhOsHUkLi3tA+81hI8+ipfjIYrEl38nRebonGew6IlEglpS3+p\nmKl/RCv1d/uXJZpOGitYsHhowN+0i5xVzx7kqDtOP2Y7Qp6EiwhKxSEHsJ01Zb1T\ndqP5Cyc4Pzlbg75Pw1z42NbiSPlqO/LoystpbnJpKQ8HoTfDHGyX+RJc/HSsLakp\nrW+usuRJH6s8tVEhgD4/jx0VCTqagr5JqznKn0p9Np5nmTY47sMuPr4Jke8aMTgC\nueaZtXhPjYL6LHMHts98l8vRV13OVQhVJOn74n1arP8010hC6BjQQC/4w2fBvojT\niNWAIyzbh7jrmQ4hN9d6DHuXNHp72Ai9AAAAAAEC\n-----END OPENSSH PRIVATE KEY-----\n",
            "private_key_pem": "-----BEGIN RSA PRIVATE KEY-----\nMIIJKAIBAAKCAgEA0tHG2qXargB6pIWWyk4V3qKKEWdydon/ohi7LryekxjVv/O3\no6sCHXf5JmS1WijyIOjW5IMIXNFcb+52Np6j+OwwGdoCQF3onPLaiD9528ArBWUj\nP2ymGVrrq+CS/e+Iwmd7y+XViLSOzOZVkGLj5iqsUCNPyJ322pioS9E+AgcQXLMH\noMJoPSv8JCQ1NiL1C2F83ZPUq3ivQtrumxRfmjznwXyxkhTEBf86EtsvEk/YyI3B\nb+wlf6wkcxcvk7NUqbh2++DCOQJQLGHCxMqqFMUdhTpt6efMyCx+IISqrphnzwty\nLiXxHVVEGNVMB/0BuOZkXjsozm8Q0XSZv3RxjB83+207jNcwUUjQ9a/UuEWTjLlI\nn97WRtx7s9nIXpbep3EZM89rL+inEDYeU2CBx3f1i81HEEZX3hUvNd6PBIbMlGPN\nzHm06DM0xtFD/8PgDChDGbUYy4aHTWjwD6kauN61DNBNLZAaN+s2jpIDOl4g//ro\nC/AyHqjr2QFQy0XWxHEccFpaU8zXKu5VzZep00DlmSFXDazXaWAOr8bAaYe4KDaq\nPqz3ZmDm/Vi2uQsD/i795VY76R8qBgQsF6pzWTal7O99I2dvVUXBQ5PPDQKhNIgi\nbmATbDPWeg1x9WZr3+jk3VAyzUwBnLZnb4qv4X7HRKKIepJO3g9It0/8DysCAwEA\nAQKCAgEA0D1UPh97nUpt2lr2coilA4/r73sOTlbLgnMJWgYIYOY0JPH5IBrH8RHT\nsf/iPteZK7aypW9k8EIBG7MhY5xZ/YRXkwGMHcZlAbrE77Y7iTwNgru/EGQiwYLU\nracbqudTYCvV1bcFsI4hS/Xs6L01veHC6TmoElMuRghqnNFnfZs6p0ZUL5A4ZMww\nuAZn5Tysbfxy2W+vr1x7Sf91lwuNz41/otinkdMfOYk89Ok6Ws0yJhAX1ZUeCTmh\nm2l4nl2SMD88kFoXnzZQuTYrrDU/wVpfaX0omtZTqhqAz2AcNG/oglQdCcaCn2Xc\n6OavvmhErj4tQAMRsK92nl6di8babDJmbumO7551rZLzBC9B3jmjl/EQqfolTaYa\nKaK9SG3V4abtXLXenBIaYoLZ2usnYz4J4A1pmW4AxA2uSFLk5lj28VYAOyS7K+d2\nybyR5YVnHjyVX8JO12Ng76tFearvM5s/aAgU5KBzYX50H3FYWjbqFBjqgqr47eoi\n++D/sSmNopx8L4is5e1CiB1D6rkKVZ4L6SZyqo08UyTvxQ+NIPu3o1EkxUlwAz4C\nCrCR0EohzGLN3QNJvYJqtLHsoWjPn1WUgQ+3Ed4Ts5a1YOl0TQ3TRRj/0PmD0Ox7\nrCigeD0oYjNZk0fhS3MOqKtSF5oifYFXcBldp0JyQ4bPujn5bpkCggEBAOpmvy15\n7dtCIRWi9knYV7H6icFewptxh1E3c3qzeK8kajPxy+Y2JJBKHfHtoZdL+Ikdbdn7\nXh9BZnqAx96cQTIcreGgIYQkrWxGctaWtC096Pkhd4d3wvp8TjIzvCTYzIa2Tl2f\npTAbofxRgu1GbsACjtTn+k5dJNSPJJk4lLGgqva+QN/QjdLZesYand2IgzcpPcZ9\njigoIkZJu83rWyihSZR8aL9AedbOjlyQpOyTnlWGOJR6pp924G/G7EYg0aPkOEEj\nz9ZuGePt2gXiVI1HMXyQ9IgNbxxQVAJNt4iboNUiNkgETM4y5tlGieO5i9bwR0b9\nY/+9I5U9OQeNOgcCggEBAOY+wqE6wdSQuLe0D7zWEjz6Kl+MhisSXfydF5uicZ7D\noiUSCWlLf6mYqX9EK/V3+5clmk4aK1iweGjA37SLnFXPHuSoO04/ZjtCnoSLCErF\nIQewnTVlvVN2o/kLJzg/OVuDvk/DXPjY1uJI+Wo78ujKy2lucmkpDwehN8McbJf5\nElz8dKwtqSmtb66y5Ekfqzy1USGAPj+PHRUJOpqCvkmrOcqfSn02nmeZNjjuwy4+\nvgmR7xoxOAK55pm1eE+Ngvoscwe2z3yXy9FXXc5VCFUk6fvifVqs/zTXSELoGNBA\nL/jDZ8G+iNOI1YAjLNuHuOuZDiE313oMe5c0envYCL0CggEAR9NoLZU5L4CaBrlC\n4unqJV1yLNDOrTcikd5+AlFQX8q2yGgFZOueVKCBgIqig2wCInHkIXGHK+iscElZ\n9XrH94UWOxcIbieXBKCpu9u+JkbcRsrch6RJGNxSUcvMkTXlpjni1Yl/4rf08Q5B\nIlf8w9WE0vSqnKyqBoA+ZL0Tw0JKYQV3d52+d6ewmVe6nBGis5ptlY8Pqnpx1jvt\n0nGWI2MY2uksZ75oF0yADxk7kErDr81LNSRIPoD80QORjwOreZ8LJdrFax2dzVwq\n/LaX1hrErTj11WLYc0KiG3qZDMEzjVvIalT2/BBY8KdOxXsrwJcsIDKxG8JnTunN\nueSqrQKCAQAOArutO/oXiUb0Rsy+XPh3JXH2poJzlIaLnLOXEOeBFb6EKvjPo3x9\nQYDu8aMLKOXyaKNfJVCF8RciqLn0Lpqwzg2/NE2HkWwTJxamUh+LDTvZT/IBEdPX\nhFyuBvO4BIDlBLtL90NtESTiWDZ1NHivmceO/t2PcKQtfq35/XzOMqXfaq1e3Nhy\nZM9q/g/OM1MkOpRZSYiALaFDanBafqI9sWGu5sqNnAk/nJ8kD8NoyQCfbHX0ThJu\neAmESPqtPJs/xfyp94Hgvwv0DTD0IVCEfd6PKVUfc2+EM6V+DMmVwpIovRtPOtzw\nol77kShlo3ipPYMSmmdOUfwjU1owtxCxAoIBAF2qpzWEzgrIx23HjfUbpP8cK0Ev\nZTG3eFj4W9cWTNBqd7H5J2sIA+dL7YmaOueAyAzVxw6WS3EhkVT3dBW5qJDGmzn+\nU4l+2mkBCUqapb23ySPX9JlHHmlLKjMOpueUScO9+WNmQklM5j40EUJpBX/QRRNK\ndNFXUBgxXUuEzPK5vP3rGXRaa4VM8EnHxakOfmh3ddGVohYmeH6EnNC3zToIIkOG\n9G38alOHcW4+L/6e+qo2fXLHH2jGhSl0ybkRJQR9a8Ihyb4a4/YdxUmWew07SHIi\nOjoS8PobbrgZ8en2+yXTKi+BH4P+xq4f+wEwuRPfaAaURVEpXcOU7ZAD6oY=\n-----END RSA PRIVATE KEY-----\n",
            "private_key_pem_pkcs8": "-----BEGIN PRIVATE KEY-----\nMIIJQgIBADANBgkqhkiG9w0BAQEFAASCCSwwggkoAgEAAoICAQDS0cbapdquAHqk\nhZbKThXeoooRZ3J2if+iGLsuvJ6TGNW/87ejqwIdd/kmZLVaKPIg6Nbkgwhc0Vxv\n7nY2nqP47DAZ2gJAXeic8tqIP3nbwCsFZSM/bKYZWuur4JL974jCZ3vL5dWItI7M\n5lWQYuPmKqxQI0/InfbamKhL0T4CBxBcswegwmg9K/wkJDU2IvULYXzdk9SreK9C\n2u6bFF+aPOfBfLGSFMQF/zoS2y8ST9jIjcFv7CV/rCRzFy+Ts1SpuHb74MI5AlAs\nYcLEyqoUxR2FOm3p58zILH4ghKqumGfPC3IuJfEdVUQY1UwH/QG45mReOyjObxDR\ndJm/dHGMHzf7bTuM1zBRSND1r9S4RZOMuUif3tZG3Huz2chelt6ncRkzz2sv6KcQ\nNh5TYIHHd/WLzUcQRlfeFS813o8EhsyUY83MebToMzTG0UP/w+AMKEMZtRjLhodN\naPAPqRq43rUM0E0tkBo36zaOkgM6XiD/+ugL8DIeqOvZAVDLRdbEcRxwWlpTzNcq\n7lXNl6nTQOWZIVcNrNdpYA6vxsBph7goNqo+rPdmYOb9WLa5CwP+Lv3lVjvpHyoG\nBCwXqnNZNqXs730jZ29VRcFDk88NAqE0iCJuYBNsM9Z6DXH1Zmvf6OTdUDLNTAGc\ntmdviq/hfsdEooh6kk7eD0i3T/wPKwIDAQABAoICAQDQPVQ+H3udSm3aWvZyiKUD\nj+vvew5OVsuCcwlaBghg5jQk8fkgGsfxEdOx/+I+15krtrKlb2TwQgEbsyFjnFn9\nhFeTAYwdxmUBusTvtjuJPA2Cu78QZCLBgtStpxuq51NgK9XVtwWwjiFL9ezovTW9\n4cLpOagSUy5GCGqc0Wd9mzqnRlQvkDhkzDC4BmflPKxt/HLZb6+vXHtJ/3WXC43P\njX+i2KeR0x85iTz06TpazTImEBfVlR4JOaGbaXieXZIwPzyQWhefNlC5NiusNT/B\nWl9pfSia1lOqGoDPYBw0b+iCVB0JxoKfZdzo5q++aESuPi1AAxGwr3aeXp2Lxtps\nMmZu6Y7vnnWtkvMEL0HeOaOX8RCp+iVNphopor1IbdXhpu1ctd6cEhpigtna6ydj\nPgngDWmZbgDEDa5IUuTmWPbxVgA7JLsr53bJvJHlhWcePJVfwk7XY2Dvq0V5qu8z\nmz9oCBTkoHNhfnQfcVhaNuoUGOqCqvjt6iL74P+xKY2inHwviKzl7UKIHUPquQpV\nngvpJnKqjTxTJO/FD40g+7ejUSTFSXADPgIKsJHQSiHMYs3dA0m9gmq0seyhaM+f\nVZSBD7cR3hOzlrVg6XRNDdNFGP/Q+YPQ7HusKKB4PShiM1mTR+FLcw6oq1IXmiJ9\ngVdwGV2nQnJDhs+6OflumQKCAQEA6ma/LXnt20IhFaL2SdhXsfqJwV7Cm3GHUTdz\nerN4ryRqM/HL5jYkkEod8e2hl0v4iR1t2fteH0FmeoDH3pxBMhyt4aAhhCStbEZy\n1pa0LT3o+SF3h3fC+nxOMjO8JNjMhrZOXZ+lMBuh/FGC7UZuwAKO1Of6Tl0k1I8k\nmTiUsaCq9r5A39CN0tl6xhqd3YiDNyk9xn2OKCgiRkm7zetbKKFJlHxov0B51s6O\nXJCk7JOeVYY4lHqmn3bgb8bsRiDRo+Q4QSPP1m4Z4+3aBeJUjUcxfJD0iA1vHFBU\nAk23iJug1SI2SARMzjLm2UaJ47mL1vBHRv1j/70jlT05B406BwKCAQEA5j7CoTrB\n1JC4t7QPvNYSPPoqX4yGKxJd/J0Xm6JxnsOiJRIJaUt/qZipf0Qr9Xf7lyWaThor\nWLB4aMDftIucVc8e5Kg7Tj9mO0KehIsISsUhB7CdNWW9U3aj+QsnOD85W4O+T8Nc\n+NjW4kj5ajvy6MrLaW5yaSkPB6E3wxxsl/kSXPx0rC2pKa1vrrLkSR+rPLVRIYA+\nP48dFQk6moK+Sas5yp9KfTaeZ5k2OO7DLj6+CZHvGjE4ArnmmbV4T42C+ixzB7bP\nfJfL0VddzlUIVSTp++J9Wqz/NNdIQugY0EAv+MNnwb6I04jVgCMs24e465kOITfX\negx7lzR6e9gIvQKCAQBH02gtlTkvgJoGuULi6eolXXIs0M6tNyKR3n4CUVBfyrbI\naAVk655UoIGAiqKDbAIiceQhcYcr6KxwSVn1esf3hRY7FwhuJ5cEoKm7274mRtxG\nytyHpEkY3FJRy8yRNeWmOeLViX/it/TxDkEiV/zD1YTS9KqcrKoGgD5kvRPDQkph\nBXd3nb53p7CZV7qcEaKzmm2Vjw+qenHWO+3ScZYjYxja6SxnvmgXTIAPGTuQSsOv\nzUs1JEg+gPzRA5GPA6t5nwsl2sVrHZ3NXCr8tpfWGsStOPXVYthzQqIbepkMwTON\nW8hqVPb8EFjwp07FeyvAlywgMrEbwmdO6c255KqtAoIBAA4Cu607+heJRvRGzL5c\n+HclcfamgnOUhoucs5cQ54EVvoQq+M+jfH1BgO7xowso5fJoo18lUIXxFyKoufQu\nmrDODb80TYeRbBMnFqZSH4sNO9lP8gER09eEXK4G87gEgOUEu0v3Q20RJOJYNnU0\neK+Zx47+3Y9wpC1+rfn9fM4ypd9qrV7c2HJkz2r+D84zUyQ6lFlJiIAtoUNqcFp+\noj2xYa7myo2cCT+cnyQPw2jJAJ9sdfROEm54CYRI+q08mz/F/Kn3geC/C/QNMPQh\nUIR93o8pVR9zb4QzpX4MyZXCkii9G0863PCiXvuRKGWjeKk9gxKaZ05R/CNTWjC3\nELECggEAXaqnNYTOCsjHbceN9Ruk/xwrQS9lMbd4WPhb1xZM0Gp3sfknawgD50vt\niZo654DIDNXHDpZLcSGRVPd0FbmokMabOf5TiX7aaQEJSpqlvbfJI9f0mUceaUsq\nMw6m55RJw735Y2ZCSUzmPjQRQmkFf9BFE0p00VdQGDFdS4TM8rm8/esZdFprhUzw\nScfFqQ5+aHd10ZWiFiZ4foSc0LfNOggiQ4b0bfxqU4dxbj4v/p76qjZ9cscfaMaF\nKXTJuRElBH1rwiHJvhrj9h3FSZZ7DTtIciI6OhLw+htuuBnx6fb7JdMqL4Efg/7G\nrh/7ATC5E99oBpRFUSldw5TtkAPqhg==\n-----END PRIVATE KEY-----\n",
            "public_key_fingerprint_md5": "48:40:13:49:47:ab:92:1a:15:32:d8:9a:9c:b4:79:d0",
            "public_key_fingerprint_sha256": "SHA256:Q/0YyV5QGPraTw2OPlAfXWMr8UdyIiOvl/5SL1M1yWE",
            "public_key_openssh": "ssh-rsa AAAAB3NzaC1yc2EAAAADAQABAAACAQDS0cbapdquAHqkhZbKThXeoooRZ3J2if+iGLsuvJ6TGNW/87ejqwIdd/kmZLVaKPIg6Nbkgwhc0Vxv7nY2nqP47DAZ2gJAXeic8tqIP3nbwCsFZSM/bKYZWuur4JL974jCZ3vL5dWItI7M5lWQYuPmKqxQI0/InfbamKhL0T4CBxBcswegwmg9K/wkJDU2IvULYXzdk9SreK9C2u6bFF+aPOfBfLGSFMQF/zoS2y8ST9jIjcFv7CV/rCRzFy+Ts1SpuHb74MI5AlAsYcLEyqoUxR2FOm3p58zILH4ghKqumGfPC3IuJfEdVUQY1UwH/QG45mReOyjObxDRdJm/dHGMHzf7bTuM1zBRSND1r9S4RZOMuUif3tZG3Huz2chelt6ncRkzz2sv6KcQNh5TYIHHd/WLzUcQRlfeFS813o8EhsyUY83MebToMzTG0UP/w+AMKEMZtRjLhodNaPAPqRq43rUM0E0tkBo36zaOkgM6XiD/+ugL8DIeqOvZAVDLRdbEcRxwWlpTzNcq7lXNl6nTQOWZIVcNrNdpYA6vxsBph7goNqo+rPdmYOb9WLa5CwP+Lv3lVjvpHyoGBCwXqnNZNqXs730jZ29VRcFDk88NAqE0iCJuYBNsM9Z6DXH1Zmvf6OTdUDLNTAGctmdviq/hfsdEooh6kk7eD0i3T/wPKw==\n",
            "public_key_pem": "-----BEGIN PUBLIC KEY-----\nMIICIjANBgkqhkiG9w0BAQEFAAOCAg8AMIICCgKCAgEA0tHG2qXargB6pIWWyk4V\n3qKKEWdydon/ohi7LryekxjVv/O3o6sCHXf5JmS1WijyIOjW5IMIXNFcb+52Np6j\n+OwwGdoCQF3onPLaiD9528ArBWUjP2ymGVrrq+CS/e+Iwmd7y+XViLSOzOZVkGLj\n5iqsUCNPyJ322pioS9E+AgcQXLMHoMJoPSv8JCQ1NiL1C2F83ZPUq3ivQtrumxRf\nmjznwXyxkhTEBf86EtsvEk/YyI3Bb+wlf6wkcxcvk7NUqbh2++DCOQJQLGHCxMqq\nFMUdhTpt6efMyCx+IISqrphnzwtyLiXxHVVEGNVMB/0BuOZkXjsozm8Q0XSZv3Rx\njB83+207jNcwUUjQ9a/UuEWTjLlIn97WRtx7s9nIXpbep3EZM89rL+inEDYeU2CB\nx3f1i81HEEZX3hUvNd6PBIbMlGPNzHm06DM0xtFD/8PgDChDGbUYy4aHTWjwD6ka\nuN61DNBNLZAaN+s2jpIDOl4g//roC/AyHqjr2QFQy0XWxHEccFpaU8zXKu5VzZep\n00DlmSFXDazXaWAOr8bAaYe4KDaqPqz3ZmDm/Vi2uQsD/i795VY76R8qBgQsF6pz\nWTal7O99I2dvVUXBQ5PPDQKhNIgibmATbDPWeg1x9WZr3+jk3VAyzUwBnLZnb4qv\n4X7HRKKIepJO3g9It0/8DysCAwEAAQ==\n-----END PUBLIC KEY-----\n",
            "rsa_bits": 4096
          },
          "sensitive_attributes": [
            [
              {
                "type": "get_attr",
                "value": "private_key_openssh"
              }
            ],
            [
              {
                "type": "get_attr",
                "value": "private_key_pem_pkcs8"
              }
            ],
            [
              {
                "type": "get_attr",
                "value": "private_key_pem"
              }
            ]
          ],
          "create_before_destroy": true
        }
      ]
    },
    {
      "module": "module.k3s-ha[0].module.k3s_master_instance[\"primary\"]",
      "mode": "data",
      "type": "aws_partition",
      "name": "current",
      "provider": "provider[\"registry.terraform.io/hashicorp/aws\"]",
      "instances": [
        {
          "schema_version": 0,
          "attributes": {
            "dns_suffix": "amazonaws.com",
            "id": "aws",
            "partition": "aws",
            "reverse_dns_prefix": "com.amazonaws"
          },
          "sensitive_attributes": []
        }
      ]
    },
    {
      "module": "module.k3s-ha[0].module.k3s_master_instance[\"primary\"]",
      "mode": "managed",
      "type": "aws_instance",
      "name": "this",
      "provider": "provider[\"registry.terraform.io/hashicorp/aws\"]",
      "instances": [
        {
          "index_key": 0,
          "schema_version": 1,
          "attributes": {
            "ami": "ami-0664c8f94c2a2261b",
            "arn": "arn:aws:ec2:us-east-1:879381274960:instance/i-07649f8a8c2601111",
            "associate_public_ip_address": false,
            "availability_zone": "us-east-1a",
            "capacity_reservation_specification": [
              {
                "capacity_reservation_preference": "open",
                "capacity_reservation_target": []
              }
            ],
            "cpu_core_count": 2,
            "cpu_options": [
              {
                "amd_sev_snp": "",
                "core_count": 2,
                "threads_per_core": 1
              }
            ],
            "cpu_threads_per_core": 1,
            "credit_specification": [
              {
                "cpu_credits": "standard"
              }
            ],
            "disable_api_stop": false,
            "disable_api_termination": false,
            "ebs_block_device": [],
            "ebs_optimized": false,
            "enclave_options": [
              {
                "enabled": false
              }
            ],
            "ephemeral_block_device": [],
            "get_password_data": false,
            "hibernation": false,
            "host_id": "",
            "host_resource_group_arn": null,
            "iam_instance_profile": "valuead_instance_profile",
            "id": "i-07649f8a8c2601111",
            "instance_initiated_shutdown_behavior": "stop",
            "instance_lifecycle": "",
            "instance_market_options": [],
            "instance_state": "running",
            "instance_type": "t2.medium",
            "ipv6_address_count": 0,
            "ipv6_addresses": [],
            "key_name": "k3s-master-key",
            "launch_template": [],
            "maintenance_options": [
              {
                "auto_recovery": "default"
              }
            ],
            "metadata_options": [
              {
                "http_endpoint": "enabled",
                "http_protocol_ipv6": "disabled",
                "http_put_response_hop_limit": 1,
                "http_tokens": "optional",
                "instance_metadata_tags": "disabled"
              }
            ],
            "monitoring": false,
            "network_interface": [],
            "outpost_arn": "",
            "password_data": "",
            "placement_group": "",
            "placement_partition_number": 0,
            "primary_network_interface_id": "eni-0118c2d1d8d9e30b9",
            "private_dns": "ip-10-0-1-153.ec2.internal",
            "private_dns_name_options": [
              {
                "enable_resource_name_dns_a_record": false,
                "enable_resource_name_dns_aaaa_record": false,
                "hostname_type": "ip-name"
              }
            ],
            "private_ip": "10.0.1.153",
            "public_dns": "",
            "public_ip": "",
            "root_block_device": [
              {
                "delete_on_termination": true,
                "device_name": "/dev/sda1",
                "encrypted": false,
                "iops": 3000,
                "kms_key_id": "",
                "tags": null,
                "tags_all": {},
                "throughput": 200,
                "volume_id": "vol-05a614c5eecca962e",
                "volume_size": 20,
                "volume_type": "gp3"
              }
            ],
            "secondary_private_ips": [],
            "security_groups": [],
            "source_dest_check": true,
            "spot_instance_request_id": "",
            "subnet_id": "subnet-01772b9abec2a2b7f",
            "tags": {
              "Name": "k3s-master-primary",
              "ProvisionBy": "Terraform"
            },
            "tags_all": {
              "Name": "k3s-master-primary",
              "ProvisionBy": "Terraform"
            },
            "tenancy": "default",
            "timeouts": {
              "create": null,
              "delete": null,
              "read": null,
              "update": null
            },
            "user_data": "837e7f1998d307ad9db08efcafb5809611ca4a1d",
            "user_data_base64": null,
            "user_data_replace_on_change": true,
            "volume_tags": {
              "Name": "k3s-master-primary"
            },
            "vpc_security_group_ids": [
              "sg-052d38c35c4742452"
            ]
          },
          "sensitive_attributes": [],
          "private": "eyJlMmJmYjczMC1lY2FhLTExZTYtOGY4OC0zNDM2M2JjN2M0YzAiOnsiY3JlYXRlIjo2MDAwMDAwMDAwMDAsImRlbGV0ZSI6MTIwMDAwMDAwMDAwMCwicmVhZCI6OTAwMDAwMDAwMDAwLCJ1cGRhdGUiOjYwMDAwMDAwMDAwMH0sInNjaGVtYV92ZXJzaW9uIjoiMSJ9",
          "dependencies": [
            "module.k3s-ha.aws_iam_instance_profile.valuead_instance_profile",
            "module.k3s-ha.aws_iam_role.valuead_role",
            "module.k3s-ha.aws_key_pair.k3s_master_instance_key",
            "module.k3s-ha.aws_lb.k3s_server_lb",
            "module.k3s-ha.aws_security_group.allow_k3s_master",
            "module.k3s-ha.data.aws_ami.ubuntu_ami",
            "module.k3s-ha.data.template_file.k3s_master_startup_script",
            "module.k3s-ha.module.k3s_master_instance.aws_iam_instance_profile.this",
            "module.k3s-ha.module.k3s_master_instance.aws_iam_role.this",
            "module.k3s-ha.module.k3s_master_instance.data.aws_iam_policy_document.assume_role_policy",
            "module.k3s-ha.module.k3s_master_instance.data.aws_partition.current",
            "module.k3s-ha.module.k3s_master_instance.data.aws_ssm_parameter.this",
            "module.k3s-ha.random_password.k3s_token",
            "module.k3s-ha.tls_private_key.k3s_master_instance_key",
            "module.vpc.aws_subnet.private",
            "module.vpc.aws_subnet.public",
            "module.vpc.aws_vpc.this",
            "module.vpc.aws_vpc_ipv4_cidr_block_association.this"
          ]
        }
      ]
    },
    {
      "module": "module.k3s-ha[0].module.k3s_master_instance[\"secondary\"]",
      "mode": "data",
      "type": "aws_partition",
      "name": "current",
      "provider": "provider[\"registry.terraform.io/hashicorp/aws\"]",
      "instances": [
        {
          "schema_version": 0,
          "attributes": {
            "dns_suffix": "amazonaws.com",
            "id": "aws",
            "partition": "aws",
            "reverse_dns_prefix": "com.amazonaws"
          },
          "sensitive_attributes": []
        }
      ]
    },
    {
      "module": "module.k3s-ha[0].module.k3s_master_instance[\"secondary\"]",
      "mode": "managed",
      "type": "aws_instance",
      "name": "this",
      "provider": "provider[\"registry.terraform.io/hashicorp/aws\"]",
      "instances": [
        {
          "index_key": 0,
          "schema_version": 1,
          "attributes": {
            "ami": "ami-0664c8f94c2a2261b",
            "arn": "arn:aws:ec2:us-east-1:879381274960:instance/i-01af60ac32205335a",
            "associate_public_ip_address": false,
            "availability_zone": "us-east-1a",
            "capacity_reservation_specification": [
              {
                "capacity_reservation_preference": "open",
                "capacity_reservation_target": []
              }
            ],
            "cpu_core_count": 2,
            "cpu_options": [
              {
                "amd_sev_snp": "",
                "core_count": 2,
                "threads_per_core": 1
              }
            ],
            "cpu_threads_per_core": 1,
            "credit_specification": [
              {
                "cpu_credits": "standard"
              }
            ],
            "disable_api_stop": false,
            "disable_api_termination": false,
            "ebs_block_device": [],
            "ebs_optimized": false,
            "enclave_options": [
              {
                "enabled": false
              }
            ],
            "ephemeral_block_device": [],
            "get_password_data": false,
            "hibernation": false,
            "host_id": "",
            "host_resource_group_arn": null,
            "iam_instance_profile": "valuead_instance_profile",
            "id": "i-01af60ac32205335a",
            "instance_initiated_shutdown_behavior": "stop",
            "instance_lifecycle": "",
            "instance_market_options": [],
            "instance_state": "running",
            "instance_type": "t2.medium",
            "ipv6_address_count": 0,
            "ipv6_addresses": [],
            "key_name": "k3s-master-key",
            "launch_template": [],
            "maintenance_options": [
              {
                "auto_recovery": "default"
              }
            ],
            "metadata_options": [
              {
                "http_endpoint": "enabled",
                "http_protocol_ipv6": "disabled",
                "http_put_response_hop_limit": 1,
                "http_tokens": "optional",
                "instance_metadata_tags": "disabled"
              }
            ],
            "monitoring": false,
            "network_interface": [],
            "outpost_arn": "",
            "password_data": "",
            "placement_group": "",
            "placement_partition_number": 0,
            "primary_network_interface_id": "eni-06a6ccd8b7b76ae8d",
            "private_dns": "ip-10-0-1-9.ec2.internal",
            "private_dns_name_options": [
              {
                "enable_resource_name_dns_a_record": false,
                "enable_resource_name_dns_aaaa_record": false,
                "hostname_type": "ip-name"
              }
            ],
            "private_ip": "10.0.1.9",
            "public_dns": "",
            "public_ip": "",
            "root_block_device": [
              {
                "delete_on_termination": true,
                "device_name": "/dev/sda1",
                "encrypted": false,
                "iops": 3000,
                "kms_key_id": "",
                "tags": null,
                "tags_all": {},
                "throughput": 200,
                "volume_id": "vol-071fb4e1788990ad7",
                "volume_size": 20,
                "volume_type": "gp3"
              }
            ],
            "secondary_private_ips": [],
            "security_groups": [],
            "source_dest_check": true,
            "spot_instance_request_id": "",
            "subnet_id": "subnet-01772b9abec2a2b7f",
            "tags": {
              "Name": "k3s-master-secondary",
              "ProvisionBy": "Terraform"
            },
            "tags_all": {
              "Name": "k3s-master-secondary",
              "ProvisionBy": "Terraform"
            },
            "tenancy": "default",
            "timeouts": {
              "create": null,
              "delete": null,
              "read": null,
              "update": null
            },
            "user_data": "837e7f1998d307ad9db08efcafb5809611ca4a1d",
            "user_data_base64": null,
            "user_data_replace_on_change": true,
            "volume_tags": {
              "Name": "k3s-master-secondary"
            },
            "vpc_security_group_ids": [
              "sg-052d38c35c4742452"
            ]
          },
          "sensitive_attributes": [],
          "private": "eyJlMmJmYjczMC1lY2FhLTExZTYtOGY4OC0zNDM2M2JjN2M0YzAiOnsiY3JlYXRlIjo2MDAwMDAwMDAwMDAsImRlbGV0ZSI6MTIwMDAwMDAwMDAwMCwicmVhZCI6OTAwMDAwMDAwMDAwLCJ1cGRhdGUiOjYwMDAwMDAwMDAwMH0sInNjaGVtYV92ZXJzaW9uIjoiMSJ9",
          "dependencies": [
            "module.k3s-ha.aws_iam_instance_profile.valuead_instance_profile",
            "module.k3s-ha.aws_iam_role.valuead_role",
            "module.k3s-ha.aws_key_pair.k3s_master_instance_key",
            "module.k3s-ha.aws_lb.k3s_server_lb",
            "module.k3s-ha.aws_security_group.allow_k3s_master",
            "module.k3s-ha.data.aws_ami.ubuntu_ami",
            "module.k3s-ha.data.template_file.k3s_master_startup_script",
            "module.k3s-ha.module.k3s_master_instance.aws_iam_instance_profile.this",
            "module.k3s-ha.module.k3s_master_instance.aws_iam_role.this",
            "module.k3s-ha.module.k3s_master_instance.data.aws_iam_policy_document.assume_role_policy",
            "module.k3s-ha.module.k3s_master_instance.data.aws_partition.current",
            "module.k3s-ha.module.k3s_master_instance.data.aws_ssm_parameter.this",
            "module.k3s-ha.random_password.k3s_token",
            "module.k3s-ha.tls_private_key.k3s_master_instance_key",
            "module.vpc.aws_subnet.private",
            "module.vpc.aws_subnet.public",
            "module.vpc.aws_vpc.this",
            "module.vpc.aws_vpc_ipv4_cidr_block_association.this"
          ]
        }
      ]
    },
    {
      "module": "module.k3s-ha[0].module.k3s_master_instance[\"tertiary\"]",
      "mode": "data",
      "type": "aws_partition",
      "name": "current",
      "provider": "provider[\"registry.terraform.io/hashicorp/aws\"]",
      "instances": [
        {
          "schema_version": 0,
          "attributes": {
            "dns_suffix": "amazonaws.com",
            "id": "aws",
            "partition": "aws",
            "reverse_dns_prefix": "com.amazonaws"
          },
          "sensitive_attributes": []
        }
      ]
    },
    {
      "module": "module.k3s-ha[0].module.k3s_master_instance[\"tertiary\"]",
      "mode": "managed",
      "type": "aws_instance",
      "name": "this",
      "provider": "provider[\"registry.terraform.io/hashicorp/aws\"]",
      "instances": [
        {
          "index_key": 0,
          "schema_version": 1,
          "attributes": {
            "ami": "ami-0664c8f94c2a2261b",
            "arn": "arn:aws:ec2:us-east-1:879381274960:instance/i-0ac56e1b7f14856d6",
            "associate_public_ip_address": false,
            "availability_zone": "us-east-1a",
            "capacity_reservation_specification": [
              {
                "capacity_reservation_preference": "open",
                "capacity_reservation_target": []
              }
            ],
            "cpu_core_count": 2,
            "cpu_options": [
              {
                "amd_sev_snp": "",
                "core_count": 2,
                "threads_per_core": 1
              }
            ],
            "cpu_threads_per_core": 1,
            "credit_specification": [
              {
                "cpu_credits": "standard"
              }
            ],
            "disable_api_stop": false,
            "disable_api_termination": false,
            "ebs_block_device": [],
            "ebs_optimized": false,
            "enclave_options": [
              {
                "enabled": false
              }
            ],
            "ephemeral_block_device": [],
            "get_password_data": false,
            "hibernation": false,
            "host_id": "",
            "host_resource_group_arn": null,
            "iam_instance_profile": "valuead_instance_profile",
            "id": "i-0ac56e1b7f14856d6",
            "instance_initiated_shutdown_behavior": "stop",
            "instance_lifecycle": "",
            "instance_market_options": [],
            "instance_state": "running",
            "instance_type": "t2.medium",
            "ipv6_address_count": 0,
            "ipv6_addresses": [],
            "key_name": "k3s-master-key",
            "launch_template": [],
            "maintenance_options": [
              {
                "auto_recovery": "default"
              }
            ],
            "metadata_options": [
              {
                "http_endpoint": "enabled",
                "http_protocol_ipv6": "disabled",
                "http_put_response_hop_limit": 1,
                "http_tokens": "optional",
                "instance_metadata_tags": "disabled"
              }
            ],
            "monitoring": false,
            "network_interface": [],
            "outpost_arn": "",
            "password_data": "",
            "placement_group": "",
            "placement_partition_number": 0,
            "primary_network_interface_id": "eni-0acc17f867ab0f64d",
            "private_dns": "ip-10-0-1-116.ec2.internal",
            "private_dns_name_options": [
              {
                "enable_resource_name_dns_a_record": false,
                "enable_resource_name_dns_aaaa_record": false,
                "hostname_type": "ip-name"
              }
            ],
            "private_ip": "10.0.1.116",
            "public_dns": "",
            "public_ip": "",
            "root_block_device": [
              {
                "delete_on_termination": true,
                "device_name": "/dev/sda1",
                "encrypted": false,
                "iops": 3000,
                "kms_key_id": "",
                "tags": null,
                "tags_all": {},
                "throughput": 200,
                "volume_id": "vol-04d0b33250bb58220",
                "volume_size": 20,
                "volume_type": "gp3"
              }
            ],
            "secondary_private_ips": [],
            "security_groups": [],
            "source_dest_check": true,
            "spot_instance_request_id": "",
            "subnet_id": "subnet-01772b9abec2a2b7f",
            "tags": {
              "Name": "k3s-master-tertiary",
              "ProvisionBy": "Terraform"
            },
            "tags_all": {
              "Name": "k3s-master-tertiary",
              "ProvisionBy": "Terraform"
            },
            "tenancy": "default",
            "timeouts": {
              "create": null,
              "delete": null,
              "read": null,
              "update": null
            },
            "user_data": "837e7f1998d307ad9db08efcafb5809611ca4a1d",
            "user_data_base64": null,
            "user_data_replace_on_change": true,
            "volume_tags": {
              "Name": "k3s-master-tertiary"
            },
            "vpc_security_group_ids": [
              "sg-052d38c35c4742452"
            ]
          },
          "sensitive_attributes": [],
          "private": "eyJlMmJmYjczMC1lY2FhLTExZTYtOGY4OC0zNDM2M2JjN2M0YzAiOnsiY3JlYXRlIjo2MDAwMDAwMDAwMDAsImRlbGV0ZSI6MTIwMDAwMDAwMDAwMCwicmVhZCI6OTAwMDAwMDAwMDAwLCJ1cGRhdGUiOjYwMDAwMDAwMDAwMH0sInNjaGVtYV92ZXJzaW9uIjoiMSJ9",
          "dependencies": [
            "module.k3s-ha.aws_iam_instance_profile.valuead_instance_profile",
            "module.k3s-ha.aws_iam_role.valuead_role",
            "module.k3s-ha.aws_key_pair.k3s_master_instance_key",
            "module.k3s-ha.aws_lb.k3s_server_lb",
            "module.k3s-ha.aws_security_group.allow_k3s_master",
            "module.k3s-ha.data.aws_ami.ubuntu_ami",
            "module.k3s-ha.data.template_file.k3s_master_startup_script",
            "module.k3s-ha.module.k3s_master_instance.aws_iam_instance_profile.this",
            "module.k3s-ha.module.k3s_master_instance.aws_iam_role.this",
            "module.k3s-ha.module.k3s_master_instance.data.aws_iam_policy_document.assume_role_policy",
            "module.k3s-ha.module.k3s_master_instance.data.aws_partition.current",
            "module.k3s-ha.module.k3s_master_instance.data.aws_ssm_parameter.this",
            "module.k3s-ha.random_password.k3s_token",
            "module.k3s-ha.tls_private_key.k3s_master_instance_key",
            "module.vpc.aws_subnet.private",
            "module.vpc.aws_subnet.public",
            "module.vpc.aws_vpc.this",
            "module.vpc.aws_vpc_ipv4_cidr_block_association.this"
          ]
        }
      ]
    },
    {
      "module": "module.vpc",
      "mode": "managed",
      "type": "aws_default_network_acl",
      "name": "this",
      "provider": "provider[\"registry.terraform.io/hashicorp/aws\"]",
      "instances": [
        {
          "index_key": 0,
          "schema_version": 0,
          "attributes": {
            "arn": "arn:aws:ec2:us-east-1:879381274960:network-acl/acl-0e8c975a656d1a1ed",
            "default_network_acl_id": "acl-0e8c975a656d1a1ed",
            "egress": [
              {
                "action": "allow",
                "cidr_block": "",
                "from_port": 0,
                "icmp_code": 0,
                "icmp_type": 0,
                "ipv6_cidr_block": "::/0",
                "protocol": "-1",
                "rule_no": 101,
                "to_port": 0
              },
              {
                "action": "allow",
                "cidr_block": "0.0.0.0/0",
                "from_port": 0,
                "icmp_code": 0,
                "icmp_type": 0,
                "ipv6_cidr_block": "",
                "protocol": "-1",
                "rule_no": 100,
                "to_port": 0
              }
            ],
            "id": "acl-0e8c975a656d1a1ed",
            "ingress": [
              {
                "action": "allow",
                "cidr_block": "",
                "from_port": 0,
                "icmp_code": 0,
                "icmp_type": 0,
                "ipv6_cidr_block": "::/0",
                "protocol": "-1",
                "rule_no": 101,
                "to_port": 0
              },
              {
                "action": "allow",
                "cidr_block": "0.0.0.0/0",
                "from_port": 0,
                "icmp_code": 0,
                "icmp_type": 0,
                "ipv6_cidr_block": "",
                "protocol": "-1",
                "rule_no": 100,
                "to_port": 0
              }
            ],
            "owner_id": "879381274960",
            "subnet_ids": [
              "subnet-01772b9abec2a2b7f",
              "subnet-018b481da6d7238ab",
              "subnet-03d385b67de86b528",
              "subnet-0d3176739811d3605",
              "subnet-0e7f5e2aa33b7316c",
              "subnet-0e82bd25f1bd1c943"
            ],
            "tags": {
              "Environment": "dev",
              "Name": "k3s-vpc-default",
              "Terraform": "true"
            },
            "tags_all": {
              "Environment": "dev",
              "Name": "k3s-vpc-default",
              "Terraform": "true"
            },
            "vpc_id": "vpc-081ec9cb4ce7e804e"
          },
          "sensitive_attributes": [],
          "private": "bnVsbA==",
          "dependencies": [
            "module.vpc.aws_vpc.this"
          ]
        }
      ]
    },
    {
      "module": "module.vpc",
      "mode": "managed",
      "type": "aws_default_route_table",
      "name": "default",
      "provider": "provider[\"registry.terraform.io/hashicorp/aws\"]",
      "instances": [
        {
          "index_key": 0,
          "schema_version": 0,
          "attributes": {
            "arn": "arn:aws:ec2:us-east-1:879381274960:route-table/rtb-075484d54af4a628c",
            "default_route_table_id": "rtb-075484d54af4a628c",
            "id": "rtb-075484d54af4a628c",
            "owner_id": "879381274960",
            "propagating_vgws": [],
            "route": [],
            "tags": {
              "Environment": "dev",
              "Name": "k3s-vpc-default",
              "Terraform": "true"
            },
            "tags_all": {
              "Environment": "dev",
              "Name": "k3s-vpc-default",
              "Terraform": "true"
            },
            "timeouts": {
              "create": "5m",
              "update": "5m"
            },
            "vpc_id": "vpc-081ec9cb4ce7e804e"
          },
          "sensitive_attributes": [],
          "private": "eyJlMmJmYjczMC1lY2FhLTExZTYtOGY4OC0zNDM2M2JjN2M0YzAiOnsiY3JlYXRlIjozMDAwMDAwMDAwMDAsInVwZGF0ZSI6MzAwMDAwMDAwMDAwfX0=",
          "dependencies": [
            "module.vpc.aws_vpc.this"
          ]
        }
      ]
    },
    {
      "module": "module.vpc",
      "mode": "managed",
      "type": "aws_default_security_group",
      "name": "this",
      "provider": "provider[\"registry.terraform.io/hashicorp/aws\"]",
      "instances": [
        {
          "index_key": 0,
          "schema_version": 1,
          "attributes": {
            "arn": "arn:aws:ec2:us-east-1:879381274960:security-group/sg-03447674ddcc8a2fd",
            "description": "default VPC security group",
            "egress": [],
            "id": "sg-03447674ddcc8a2fd",
            "ingress": [],
            "name": "default",
            "name_prefix": "",
            "owner_id": "879381274960",
            "revoke_rules_on_delete": false,
            "tags": {
              "Environment": "dev",
              "Name": "k3s-vpc-default",
              "Terraform": "true"
            },
            "tags_all": {
              "Environment": "dev",
              "Name": "k3s-vpc-default",
              "Terraform": "true"
            },
            "vpc_id": "vpc-081ec9cb4ce7e804e"
          },
          "sensitive_attributes": [],
          "private": "eyJzY2hlbWFfdmVyc2lvbiI6IjEifQ==",
          "dependencies": [
            "module.vpc.aws_vpc.this"
          ]
        }
      ]
    },
    {
      "module": "module.vpc",
      "mode": "managed",
      "type": "aws_eip",
      "name": "nat",
      "provider": "provider[\"registry.terraform.io/hashicorp/aws\"]",
      "instances": [
        {
          "index_key": 0,
          "schema_version": 0,
          "attributes": {
            "address": null,
            "allocation_id": "eipalloc-093ea46635be5df9b",
            "arn": "arn:aws:ec2:us-east-1:879381274960:elastic-ip/eipalloc-093ea46635be5df9b",
            "associate_with_private_ip": null,
            "association_id": "eipassoc-0a238672f14e3ffaa",
            "carrier_ip": "",
            "customer_owned_ip": "",
            "customer_owned_ipv4_pool": "",
            "domain": "vpc",
            "id": "eipalloc-093ea46635be5df9b",
            "instance": "",
            "ipam_pool_id": null,
            "network_border_group": "us-east-1",
            "network_interface": "eni-04e7105bfe36d2e8f",
            "private_dns": "ip-10-0-101-200.ec2.internal",
            "private_ip": "10.0.101.200",
            "ptr_record": "",
            "public_dns": "ec2-34-234-1-86.compute-1.amazonaws.com",
            "public_ip": "34.234.1.86",
            "public_ipv4_pool": "amazon",
            "tags": {
              "Environment": "dev",
              "Name": "k3s-vpc-us-east-1a",
              "Terraform": "true"
            },
            "tags_all": {
              "Environment": "dev",
              "Name": "k3s-vpc-us-east-1a",
              "Terraform": "true"
            },
            "timeouts": null,
            "vpc": true
          },
          "sensitive_attributes": [],
          "private": "eyJlMmJmYjczMC1lY2FhLTExZTYtOGY4OC0zNDM2M2JjN2M0YzAiOnsiZGVsZXRlIjoxODAwMDAwMDAwMDAsInJlYWQiOjkwMDAwMDAwMDAwMCwidXBkYXRlIjozMDAwMDAwMDAwMDB9fQ==",
          "dependencies": [
            "module.vpc.aws_internet_gateway.this",
            "module.vpc.aws_vpc.this",
            "module.vpc.aws_vpc_ipv4_cidr_block_association.this"
          ]
        }
      ]
    },
    {
      "module": "module.vpc",
      "mode": "managed",
      "type": "aws_internet_gateway",
      "name": "this",
      "provider": "provider[\"registry.terraform.io/hashicorp/aws\"]",
      "instances": [
        {
          "index_key": 0,
          "schema_version": 0,
          "attributes": {
            "arn": "arn:aws:ec2:us-east-1:879381274960:internet-gateway/igw-0a1a936bc3d2b4910",
            "id": "igw-0a1a936bc3d2b4910",
            "owner_id": "879381274960",
            "tags": {
              "Environment": "dev",
              "Name": "k3s-vpc",
              "Terraform": "true"
            },
            "tags_all": {
              "Environment": "dev",
              "Name": "k3s-vpc",
              "Terraform": "true"
            },
            "timeouts": null,
            "vpc_id": "vpc-081ec9cb4ce7e804e"
          },
          "sensitive_attributes": [],
          "private": "eyJlMmJmYjczMC1lY2FhLTExZTYtOGY4OC0zNDM2M2JjN2M0YzAiOnsiY3JlYXRlIjoxMjAwMDAwMDAwMDAwLCJkZWxldGUiOjEyMDAwMDAwMDAwMDAsInVwZGF0ZSI6MTIwMDAwMDAwMDAwMH19",
          "dependencies": [
            "module.vpc.aws_vpc.this",
            "module.vpc.aws_vpc_ipv4_cidr_block_association.this"
          ]
        }
      ]
    },
    {
      "module": "module.vpc",
      "mode": "managed",
      "type": "aws_nat_gateway",
      "name": "this",
      "provider": "provider[\"registry.terraform.io/hashicorp/aws\"]",
      "instances": [
        {
          "index_key": 0,
          "schema_version": 0,
          "attributes": {
            "allocation_id": "eipalloc-093ea46635be5df9b",
            "association_id": "eipassoc-0a238672f14e3ffaa",
            "connectivity_type": "public",
            "id": "nat-06e841089e4851567",
            "network_interface_id": "eni-04e7105bfe36d2e8f",
            "private_ip": "10.0.101.200",
            "public_ip": "34.234.1.86",
            "secondary_allocation_ids": [],
            "secondary_private_ip_address_count": 0,
            "secondary_private_ip_addresses": [],
            "subnet_id": "subnet-0e7f5e2aa33b7316c",
            "tags": {
              "Environment": "dev",
              "Name": "k3s-vpc-us-east-1a",
              "Terraform": "true"
            },
            "tags_all": {
              "Environment": "dev",
              "Name": "k3s-vpc-us-east-1a",
              "Terraform": "true"
            },
            "timeouts": null
          },
          "sensitive_attributes": [],
          "private": "eyJlMmJmYjczMC1lY2FhLTExZTYtOGY4OC0zNDM2M2JjN2M0YzAiOnsiY3JlYXRlIjo2MDAwMDAwMDAwMDAsImRlbGV0ZSI6MTgwMDAwMDAwMDAwMCwidXBkYXRlIjo2MDAwMDAwMDAwMDB9fQ==",
          "dependencies": [
            "module.vpc.aws_eip.nat",
            "module.vpc.aws_internet_gateway.this",
            "module.vpc.aws_subnet.public",
            "module.vpc.aws_vpc.this",
            "module.vpc.aws_vpc_ipv4_cidr_block_association.this"
          ]
        }
      ]
    },
    {
      "module": "module.vpc",
      "mode": "managed",
      "type": "aws_route",
      "name": "private_nat_gateway",
      "provider": "provider[\"registry.terraform.io/hashicorp/aws\"]",
      "instances": [
        {
          "index_key": 0,
          "schema_version": 0,
          "attributes": {
            "carrier_gateway_id": "",
            "core_network_arn": "",
            "destination_cidr_block": "0.0.0.0/0",
            "destination_ipv6_cidr_block": "",
            "destination_prefix_list_id": "",
            "egress_only_gateway_id": "",
            "gateway_id": "",
            "id": "r-rtb-0b5f0f5949e14bd0e1080289494",
            "instance_id": "",
            "instance_owner_id": "",
            "local_gateway_id": "",
            "nat_gateway_id": "nat-06e841089e4851567",
            "network_interface_id": "",
            "origin": "CreateRoute",
            "route_table_id": "rtb-0b5f0f5949e14bd0e",
            "state": "active",
            "timeouts": {
              "create": "5m",
              "delete": null,
              "update": null
            },
            "transit_gateway_id": "",
            "vpc_endpoint_id": "",
            "vpc_peering_connection_id": ""
          },
          "sensitive_attributes": [],
          "private": "eyJlMmJmYjczMC1lY2FhLTExZTYtOGY4OC0zNDM2M2JjN2M0YzAiOnsiY3JlYXRlIjozMDAwMDAwMDAwMDAsImRlbGV0ZSI6MzAwMDAwMDAwMDAwLCJ1cGRhdGUiOjEyMDAwMDAwMDAwMH19",
          "dependencies": [
            "module.vpc.aws_eip.nat",
            "module.vpc.aws_internet_gateway.this",
            "module.vpc.aws_nat_gateway.this",
            "module.vpc.aws_route_table.private",
            "module.vpc.aws_subnet.public",
            "module.vpc.aws_vpc.this",
            "module.vpc.aws_vpc_ipv4_cidr_block_association.this"
          ]
        }
      ]
    },
    {
      "module": "module.vpc",
      "mode": "managed",
      "type": "aws_route",
      "name": "public_internet_gateway",
      "provider": "provider[\"registry.terraform.io/hashicorp/aws\"]",
      "instances": [
        {
          "index_key": 0,
          "schema_version": 0,
          "attributes": {
            "carrier_gateway_id": "",
            "core_network_arn": "",
            "destination_cidr_block": "0.0.0.0/0",
            "destination_ipv6_cidr_block": "",
            "destination_prefix_list_id": "",
            "egress_only_gateway_id": "",
            "gateway_id": "igw-0a1a936bc3d2b4910",
            "id": "r-rtb-0b38aea37898b7c021080289494",
            "instance_id": "",
            "instance_owner_id": "",
            "local_gateway_id": "",
            "nat_gateway_id": "",
            "network_interface_id": "",
            "origin": "CreateRoute",
            "route_table_id": "rtb-0b38aea37898b7c02",
            "state": "active",
            "timeouts": {
              "create": "5m",
              "delete": null,
              "update": null
            },
            "transit_gateway_id": "",
            "vpc_endpoint_id": "",
            "vpc_peering_connection_id": ""
          },
          "sensitive_attributes": [],
          "private": "eyJlMmJmYjczMC1lY2FhLTExZTYtOGY4OC0zNDM2M2JjN2M0YzAiOnsiY3JlYXRlIjozMDAwMDAwMDAwMDAsImRlbGV0ZSI6MzAwMDAwMDAwMDAwLCJ1cGRhdGUiOjEyMDAwMDAwMDAwMH19",
          "dependencies": [
            "module.vpc.aws_internet_gateway.this",
            "module.vpc.aws_route_table.public",
            "module.vpc.aws_vpc.this",
            "module.vpc.aws_vpc_ipv4_cidr_block_association.this"
          ]
        }
      ]
    },
    {
      "module": "module.vpc",
      "mode": "managed",
      "type": "aws_route_table",
      "name": "private",
      "provider": "provider[\"registry.terraform.io/hashicorp/aws\"]",
      "instances": [
        {
          "index_key": 0,
          "schema_version": 0,
          "attributes": {
            "arn": "arn:aws:ec2:us-east-1:879381274960:route-table/rtb-0b5f0f5949e14bd0e",
            "id": "rtb-0b5f0f5949e14bd0e",
            "owner_id": "879381274960",
            "propagating_vgws": [],
            "route": [
              {
                "carrier_gateway_id": "",
                "cidr_block": "0.0.0.0/0",
                "core_network_arn": "",
                "destination_prefix_list_id": "",
                "egress_only_gateway_id": "",
                "gateway_id": "",
                "ipv6_cidr_block": "",
                "local_gateway_id": "",
                "nat_gateway_id": "nat-06e841089e4851567",
                "network_interface_id": "",
                "transit_gateway_id": "",
                "vpc_endpoint_id": "",
                "vpc_peering_connection_id": ""
              }
            ],
            "tags": {
              "Environment": "dev",
              "Name": "k3s-vpc-private",
              "Terraform": "true"
            },
            "tags_all": {
              "Environment": "dev",
              "Name": "k3s-vpc-private",
              "Terraform": "true"
            },
            "timeouts": null,
            "vpc_id": "vpc-081ec9cb4ce7e804e"
          },
          "sensitive_attributes": [],
          "private": "eyJlMmJmYjczMC1lY2FhLTExZTYtOGY4OC0zNDM2M2JjN2M0YzAiOnsiY3JlYXRlIjozMDAwMDAwMDAwMDAsImRlbGV0ZSI6MzAwMDAwMDAwMDAwLCJ1cGRhdGUiOjEyMDAwMDAwMDAwMH19",
          "dependencies": [
            "module.vpc.aws_vpc.this",
            "module.vpc.aws_vpc_ipv4_cidr_block_association.this"
          ]
        }
      ]
    },
    {
      "module": "module.vpc",
      "mode": "managed",
      "type": "aws_route_table",
      "name": "public",
      "provider": "provider[\"registry.terraform.io/hashicorp/aws\"]",
      "instances": [
        {
          "index_key": 0,
          "schema_version": 0,
          "attributes": {
            "arn": "arn:aws:ec2:us-east-1:879381274960:route-table/rtb-0b38aea37898b7c02",
            "id": "rtb-0b38aea37898b7c02",
            "owner_id": "879381274960",
            "propagating_vgws": [],
            "route": [
              {
                "carrier_gateway_id": "",
                "cidr_block": "0.0.0.0/0",
                "core_network_arn": "",
                "destination_prefix_list_id": "",
                "egress_only_gateway_id": "",
                "gateway_id": "igw-0a1a936bc3d2b4910",
                "ipv6_cidr_block": "",
                "local_gateway_id": "",
                "nat_gateway_id": "",
                "network_interface_id": "",
                "transit_gateway_id": "",
                "vpc_endpoint_id": "",
                "vpc_peering_connection_id": ""
              }
            ],
            "tags": {
              "Environment": "dev",
              "Name": "k3s-vpc-public",
              "Terraform": "true"
            },
            "tags_all": {
              "Environment": "dev",
              "Name": "k3s-vpc-public",
              "Terraform": "true"
            },
            "timeouts": null,
            "vpc_id": "vpc-081ec9cb4ce7e804e"
          },
          "sensitive_attributes": [],
          "private": "eyJlMmJmYjczMC1lY2FhLTExZTYtOGY4OC0zNDM2M2JjN2M0YzAiOnsiY3JlYXRlIjozMDAwMDAwMDAwMDAsImRlbGV0ZSI6MzAwMDAwMDAwMDAwLCJ1cGRhdGUiOjEyMDAwMDAwMDAwMH19",
          "dependencies": [
            "module.vpc.aws_vpc.this",
            "module.vpc.aws_vpc_ipv4_cidr_block_association.this"
          ]
        }
      ]
    },
    {
      "module": "module.vpc",
      "mode": "managed",
      "type": "aws_route_table_association",
      "name": "private",
      "provider": "provider[\"registry.terraform.io/hashicorp/aws\"]",
      "instances": [
        {
          "index_key": 0,
          "schema_version": 0,
          "attributes": {
            "gateway_id": "",
            "id": "rtbassoc-0ed8063ba7cbd83a7",
            "route_table_id": "rtb-0b5f0f5949e14bd0e",
            "subnet_id": "subnet-01772b9abec2a2b7f",
            "timeouts": null
          },
          "sensitive_attributes": [],
          "private": "eyJlMmJmYjczMC1lY2FhLTExZTYtOGY4OC0zNDM2M2JjN2M0YzAiOnsiY3JlYXRlIjozMDAwMDAwMDAwMDAsImRlbGV0ZSI6MzAwMDAwMDAwMDAwLCJ1cGRhdGUiOjEyMDAwMDAwMDAwMH19",
          "dependencies": [
            "module.vpc.aws_route_table.private",
            "module.vpc.aws_subnet.private",
            "module.vpc.aws_vpc.this",
            "module.vpc.aws_vpc_ipv4_cidr_block_association.this"
          ]
        },
        {
          "index_key": 1,
          "schema_version": 0,
          "attributes": {
            "gateway_id": "",
            "id": "rtbassoc-04a344a1461ea9979",
            "route_table_id": "rtb-0b5f0f5949e14bd0e",
            "subnet_id": "subnet-018b481da6d7238ab",
            "timeouts": null
          },
          "sensitive_attributes": [],
          "private": "eyJlMmJmYjczMC1lY2FhLTExZTYtOGY4OC0zNDM2M2JjN2M0YzAiOnsiY3JlYXRlIjozMDAwMDAwMDAwMDAsImRlbGV0ZSI6MzAwMDAwMDAwMDAwLCJ1cGRhdGUiOjEyMDAwMDAwMDAwMH19",
          "dependencies": [
            "module.vpc.aws_route_table.private",
            "module.vpc.aws_subnet.private",
            "module.vpc.aws_vpc.this",
            "module.vpc.aws_vpc_ipv4_cidr_block_association.this"
          ]
        },
        {
          "index_key": 2,
          "schema_version": 0,
          "attributes": {
            "gateway_id": "",
            "id": "rtbassoc-02cd41c020a5bfc24",
            "route_table_id": "rtb-0b5f0f5949e14bd0e",
            "subnet_id": "subnet-0d3176739811d3605",
            "timeouts": null
          },
          "sensitive_attributes": [],
          "private": "eyJlMmJmYjczMC1lY2FhLTExZTYtOGY4OC0zNDM2M2JjN2M0YzAiOnsiY3JlYXRlIjozMDAwMDAwMDAwMDAsImRlbGV0ZSI6MzAwMDAwMDAwMDAwLCJ1cGRhdGUiOjEyMDAwMDAwMDAwMH19",
          "dependencies": [
            "module.vpc.aws_route_table.private",
            "module.vpc.aws_subnet.private",
            "module.vpc.aws_vpc.this",
            "module.vpc.aws_vpc_ipv4_cidr_block_association.this"
          ]
        }
      ]
    },
    {
      "module": "module.vpc",
      "mode": "managed",
      "type": "aws_route_table_association",
      "name": "public",
      "provider": "provider[\"registry.terraform.io/hashicorp/aws\"]",
      "instances": [
        {
          "index_key": 0,
          "schema_version": 0,
          "attributes": {
            "gateway_id": "",
            "id": "rtbassoc-07f88455bb7efd1c7",
            "route_table_id": "rtb-0b38aea37898b7c02",
            "subnet_id": "subnet-0e7f5e2aa33b7316c",
            "timeouts": null
          },
          "sensitive_attributes": [],
          "private": "eyJlMmJmYjczMC1lY2FhLTExZTYtOGY4OC0zNDM2M2JjN2M0YzAiOnsiY3JlYXRlIjozMDAwMDAwMDAwMDAsImRlbGV0ZSI6MzAwMDAwMDAwMDAwLCJ1cGRhdGUiOjEyMDAwMDAwMDAwMH19",
          "dependencies": [
            "module.vpc.aws_route_table.public",
            "module.vpc.aws_subnet.public",
            "module.vpc.aws_vpc.this",
            "module.vpc.aws_vpc_ipv4_cidr_block_association.this"
          ]
        },
        {
          "index_key": 1,
          "schema_version": 0,
          "attributes": {
            "gateway_id": "",
            "id": "rtbassoc-0e05412e480244c73",
            "route_table_id": "rtb-0b38aea37898b7c02",
            "subnet_id": "subnet-03d385b67de86b528",
            "timeouts": null
          },
          "sensitive_attributes": [],
          "private": "eyJlMmJmYjczMC1lY2FhLTExZTYtOGY4OC0zNDM2M2JjN2M0YzAiOnsiY3JlYXRlIjozMDAwMDAwMDAwMDAsImRlbGV0ZSI6MzAwMDAwMDAwMDAwLCJ1cGRhdGUiOjEyMDAwMDAwMDAwMH19",
          "dependencies": [
            "module.vpc.aws_route_table.public",
            "module.vpc.aws_subnet.public",
            "module.vpc.aws_vpc.this",
            "module.vpc.aws_vpc_ipv4_cidr_block_association.this"
          ]
        },
        {
          "index_key": 2,
          "schema_version": 0,
          "attributes": {
            "gateway_id": "",
            "id": "rtbassoc-06f3ffc9e3fd64967",
            "route_table_id": "rtb-0b38aea37898b7c02",
            "subnet_id": "subnet-0e82bd25f1bd1c943",
            "timeouts": null
          },
          "sensitive_attributes": [],
          "private": "eyJlMmJmYjczMC1lY2FhLTExZTYtOGY4OC0zNDM2M2JjN2M0YzAiOnsiY3JlYXRlIjozMDAwMDAwMDAwMDAsImRlbGV0ZSI6MzAwMDAwMDAwMDAwLCJ1cGRhdGUiOjEyMDAwMDAwMDAwMH19",
          "dependencies": [
            "module.vpc.aws_route_table.public",
            "module.vpc.aws_subnet.public",
            "module.vpc.aws_vpc.this",
            "module.vpc.aws_vpc_ipv4_cidr_block_association.this"
          ]
        }
      ]
    },
    {
      "module": "module.vpc",
      "mode": "managed",
      "type": "aws_subnet",
      "name": "private",
      "provider": "provider[\"registry.terraform.io/hashicorp/aws\"]",
      "instances": [
        {
          "index_key": 0,
          "schema_version": 1,
          "attributes": {
            "arn": "arn:aws:ec2:us-east-1:879381274960:subnet/subnet-01772b9abec2a2b7f",
            "assign_ipv6_address_on_creation": false,
            "availability_zone": "us-east-1a",
            "availability_zone_id": "use1-az4",
            "cidr_block": "10.0.1.0/24",
            "customer_owned_ipv4_pool": "",
            "enable_dns64": false,
            "enable_lni_at_device_index": 0,
            "enable_resource_name_dns_a_record_on_launch": false,
            "enable_resource_name_dns_aaaa_record_on_launch": false,
            "id": "subnet-01772b9abec2a2b7f",
            "ipv6_cidr_block": "",
            "ipv6_cidr_block_association_id": "",
            "ipv6_native": false,
            "map_customer_owned_ip_on_launch": false,
            "map_public_ip_on_launch": false,
            "outpost_arn": "",
            "owner_id": "879381274960",
            "private_dns_hostname_type_on_launch": "ip-name",
            "tags": {
              "Environment": "dev",
              "Name": "k3s-vpc-private-us-east-1a",
              "Terraform": "true"
            },
            "tags_all": {
              "Environment": "dev",
              "Name": "k3s-vpc-private-us-east-1a",
              "Terraform": "true"
            },
            "timeouts": null,
            "vpc_id": "vpc-081ec9cb4ce7e804e"
          },
          "sensitive_attributes": [],
          "private": "eyJlMmJmYjczMC1lY2FhLTExZTYtOGY4OC0zNDM2M2JjN2M0YzAiOnsiY3JlYXRlIjo2MDAwMDAwMDAwMDAsImRlbGV0ZSI6MTIwMDAwMDAwMDAwMH0sInNjaGVtYV92ZXJzaW9uIjoiMSJ9",
          "dependencies": [
            "module.vpc.aws_vpc.this",
            "module.vpc.aws_vpc_ipv4_cidr_block_association.this"
          ]
        },
        {
          "index_key": 1,
          "schema_version": 1,
          "attributes": {
            "arn": "arn:aws:ec2:us-east-1:879381274960:subnet/subnet-018b481da6d7238ab",
            "assign_ipv6_address_on_creation": false,
            "availability_zone": "us-east-1b",
            "availability_zone_id": "use1-az6",
            "cidr_block": "10.0.2.0/24",
            "customer_owned_ipv4_pool": "",
            "enable_dns64": false,
            "enable_lni_at_device_index": 0,
            "enable_resource_name_dns_a_record_on_launch": false,
            "enable_resource_name_dns_aaaa_record_on_launch": false,
            "id": "subnet-018b481da6d7238ab",
            "ipv6_cidr_block": "",
            "ipv6_cidr_block_association_id": "",
            "ipv6_native": false,
            "map_customer_owned_ip_on_launch": false,
            "map_public_ip_on_launch": false,
            "outpost_arn": "",
            "owner_id": "879381274960",
            "private_dns_hostname_type_on_launch": "ip-name",
            "tags": {
              "Environment": "dev",
              "Name": "k3s-vpc-private-us-east-1b",
              "Terraform": "true"
            },
            "tags_all": {
              "Environment": "dev",
              "Name": "k3s-vpc-private-us-east-1b",
              "Terraform": "true"
            },
            "timeouts": null,
            "vpc_id": "vpc-081ec9cb4ce7e804e"
          },
          "sensitive_attributes": [],
          "private": "eyJlMmJmYjczMC1lY2FhLTExZTYtOGY4OC0zNDM2M2JjN2M0YzAiOnsiY3JlYXRlIjo2MDAwMDAwMDAwMDAsImRlbGV0ZSI6MTIwMDAwMDAwMDAwMH0sInNjaGVtYV92ZXJzaW9uIjoiMSJ9",
          "dependencies": [
            "module.vpc.aws_vpc.this",
            "module.vpc.aws_vpc_ipv4_cidr_block_association.this"
          ]
        },
        {
          "index_key": 2,
          "schema_version": 1,
          "attributes": {
            "arn": "arn:aws:ec2:us-east-1:879381274960:subnet/subnet-0d3176739811d3605",
            "assign_ipv6_address_on_creation": false,
            "availability_zone": "us-east-1c",
            "availability_zone_id": "use1-az1",
            "cidr_block": "10.0.3.0/24",
            "customer_owned_ipv4_pool": "",
            "enable_dns64": false,
            "enable_lni_at_device_index": 0,
            "enable_resource_name_dns_a_record_on_launch": false,
            "enable_resource_name_dns_aaaa_record_on_launch": false,
            "id": "subnet-0d3176739811d3605",
            "ipv6_cidr_block": "",
            "ipv6_cidr_block_association_id": "",
            "ipv6_native": false,
            "map_customer_owned_ip_on_launch": false,
            "map_public_ip_on_launch": false,
            "outpost_arn": "",
            "owner_id": "879381274960",
            "private_dns_hostname_type_on_launch": "ip-name",
            "tags": {
              "Environment": "dev",
              "Name": "k3s-vpc-private-us-east-1c",
              "Terraform": "true"
            },
            "tags_all": {
              "Environment": "dev",
              "Name": "k3s-vpc-private-us-east-1c",
              "Terraform": "true"
            },
            "timeouts": null,
            "vpc_id": "vpc-081ec9cb4ce7e804e"
          },
          "sensitive_attributes": [],
          "private": "eyJlMmJmYjczMC1lY2FhLTExZTYtOGY4OC0zNDM2M2JjN2M0YzAiOnsiY3JlYXRlIjo2MDAwMDAwMDAwMDAsImRlbGV0ZSI6MTIwMDAwMDAwMDAwMH0sInNjaGVtYV92ZXJzaW9uIjoiMSJ9",
          "dependencies": [
            "module.vpc.aws_vpc.this",
            "module.vpc.aws_vpc_ipv4_cidr_block_association.this"
          ]
        }
      ]
    },
    {
      "module": "module.vpc",
      "mode": "managed",
      "type": "aws_subnet",
      "name": "public",
      "provider": "provider[\"registry.terraform.io/hashicorp/aws\"]",
      "instances": [
        {
          "index_key": 0,
          "schema_version": 1,
          "attributes": {
            "arn": "arn:aws:ec2:us-east-1:879381274960:subnet/subnet-0e7f5e2aa33b7316c",
            "assign_ipv6_address_on_creation": false,
            "availability_zone": "us-east-1a",
            "availability_zone_id": "use1-az4",
            "cidr_block": "10.0.101.0/24",
            "customer_owned_ipv4_pool": "",
            "enable_dns64": false,
            "enable_lni_at_device_index": 0,
            "enable_resource_name_dns_a_record_on_launch": false,
            "enable_resource_name_dns_aaaa_record_on_launch": false,
            "id": "subnet-0e7f5e2aa33b7316c",
            "ipv6_cidr_block": "",
            "ipv6_cidr_block_association_id": "",
            "ipv6_native": false,
            "map_customer_owned_ip_on_launch": false,
            "map_public_ip_on_launch": false,
            "outpost_arn": "",
            "owner_id": "879381274960",
            "private_dns_hostname_type_on_launch": "ip-name",
            "tags": {
              "Environment": "dev",
              "Name": "k3s-vpc-public-us-east-1a",
              "Terraform": "true"
            },
            "tags_all": {
              "Environment": "dev",
              "Name": "k3s-vpc-public-us-east-1a",
              "Terraform": "true"
            },
            "timeouts": null,
            "vpc_id": "vpc-081ec9cb4ce7e804e"
          },
          "sensitive_attributes": [],
          "private": "eyJlMmJmYjczMC1lY2FhLTExZTYtOGY4OC0zNDM2M2JjN2M0YzAiOnsiY3JlYXRlIjo2MDAwMDAwMDAwMDAsImRlbGV0ZSI6MTIwMDAwMDAwMDAwMH0sInNjaGVtYV92ZXJzaW9uIjoiMSJ9",
          "dependencies": [
            "module.vpc.aws_vpc.this",
            "module.vpc.aws_vpc_ipv4_cidr_block_association.this"
          ],
          "create_before_destroy": true
        },
        {
          "index_key": 1,
          "schema_version": 1,
          "attributes": {
            "arn": "arn:aws:ec2:us-east-1:879381274960:subnet/subnet-03d385b67de86b528",
            "assign_ipv6_address_on_creation": false,
            "availability_zone": "us-east-1b",
            "availability_zone_id": "use1-az6",
            "cidr_block": "10.0.102.0/24",
            "customer_owned_ipv4_pool": "",
            "enable_dns64": false,
            "enable_lni_at_device_index": 0,
            "enable_resource_name_dns_a_record_on_launch": false,
            "enable_resource_name_dns_aaaa_record_on_launch": false,
            "id": "subnet-03d385b67de86b528",
            "ipv6_cidr_block": "",
            "ipv6_cidr_block_association_id": "",
            "ipv6_native": false,
            "map_customer_owned_ip_on_launch": false,
            "map_public_ip_on_launch": false,
            "outpost_arn": "",
            "owner_id": "879381274960",
            "private_dns_hostname_type_on_launch": "ip-name",
            "tags": {
              "Environment": "dev",
              "Name": "k3s-vpc-public-us-east-1b",
              "Terraform": "true"
            },
            "tags_all": {
              "Environment": "dev",
              "Name": "k3s-vpc-public-us-east-1b",
              "Terraform": "true"
            },
            "timeouts": null,
            "vpc_id": "vpc-081ec9cb4ce7e804e"
          },
          "sensitive_attributes": [],
          "private": "eyJlMmJmYjczMC1lY2FhLTExZTYtOGY4OC0zNDM2M2JjN2M0YzAiOnsiY3JlYXRlIjo2MDAwMDAwMDAwMDAsImRlbGV0ZSI6MTIwMDAwMDAwMDAwMH0sInNjaGVtYV92ZXJzaW9uIjoiMSJ9",
          "dependencies": [
            "module.vpc.aws_vpc.this",
            "module.vpc.aws_vpc_ipv4_cidr_block_association.this"
          ],
          "create_before_destroy": true
        },
        {
          "index_key": 2,
          "schema_version": 1,
          "attributes": {
            "arn": "arn:aws:ec2:us-east-1:879381274960:subnet/subnet-0e82bd25f1bd1c943",
            "assign_ipv6_address_on_creation": false,
            "availability_zone": "us-east-1c",
            "availability_zone_id": "use1-az1",
            "cidr_block": "10.0.103.0/24",
            "customer_owned_ipv4_pool": "",
            "enable_dns64": false,
            "enable_lni_at_device_index": 0,
            "enable_resource_name_dns_a_record_on_launch": false,
            "enable_resource_name_dns_aaaa_record_on_launch": false,
            "id": "subnet-0e82bd25f1bd1c943",
            "ipv6_cidr_block": "",
            "ipv6_cidr_block_association_id": "",
            "ipv6_native": false,
            "map_customer_owned_ip_on_launch": false,
            "map_public_ip_on_launch": false,
            "outpost_arn": "",
            "owner_id": "879381274960",
            "private_dns_hostname_type_on_launch": "ip-name",
            "tags": {
              "Environment": "dev",
              "Name": "k3s-vpc-public-us-east-1c",
              "Terraform": "true"
            },
            "tags_all": {
              "Environment": "dev",
              "Name": "k3s-vpc-public-us-east-1c",
              "Terraform": "true"
            },
            "timeouts": null,
            "vpc_id": "vpc-081ec9cb4ce7e804e"
          },
          "sensitive_attributes": [],
          "private": "eyJlMmJmYjczMC1lY2FhLTExZTYtOGY4OC0zNDM2M2JjN2M0YzAiOnsiY3JlYXRlIjo2MDAwMDAwMDAwMDAsImRlbGV0ZSI6MTIwMDAwMDAwMDAwMH0sInNjaGVtYV92ZXJzaW9uIjoiMSJ9",
          "dependencies": [
            "module.vpc.aws_vpc.this",
            "module.vpc.aws_vpc_ipv4_cidr_block_association.this"
          ],
          "create_before_destroy": true
        }
      ]
    },
    {
      "module": "module.vpc",
      "mode": "managed",
      "type": "aws_vpc",
      "name": "this",
      "provider": "provider[\"registry.terraform.io/hashicorp/aws\"]",
      "instances": [
        {
          "index_key": 0,
          "schema_version": 1,
          "attributes": {
            "arn": "arn:aws:ec2:us-east-1:879381274960:vpc/vpc-081ec9cb4ce7e804e",
            "assign_generated_ipv6_cidr_block": false,
            "cidr_block": "10.0.0.0/16",
            "default_network_acl_id": "acl-0e8c975a656d1a1ed",
            "default_route_table_id": "rtb-075484d54af4a628c",
            "default_security_group_id": "sg-03447674ddcc8a2fd",
            "dhcp_options_id": "dopt-0014be58b806dd9d3",
            "enable_dns_hostnames": true,
            "enable_dns_support": true,
            "enable_network_address_usage_metrics": false,
            "id": "vpc-081ec9cb4ce7e804e",
            "instance_tenancy": "default",
            "ipv4_ipam_pool_id": null,
            "ipv4_netmask_length": null,
            "ipv6_association_id": "",
            "ipv6_cidr_block": "",
            "ipv6_cidr_block_network_border_group": "",
            "ipv6_ipam_pool_id": "",
            "ipv6_netmask_length": 0,
            "main_route_table_id": "rtb-075484d54af4a628c",
            "owner_id": "879381274960",
            "tags": {
              "Environment": "dev",
              "Name": "k3s-vpc",
              "Terraform": "true"
            },
            "tags_all": {
              "Environment": "dev",
              "Name": "k3s-vpc",
              "Terraform": "true"
            }
          },
          "sensitive_attributes": [],
          "private": "eyJzY2hlbWFfdmVyc2lvbiI6IjEifQ==",
          "create_before_destroy": true
        }
      ]
    }
  ],
  "check_results": null
}
